
Microsoft Visual Studio Solution File, Format Version 12.00
# Visual Studio Version 17
VisualStudioVersion = 17.2.32630.192
MinimumVisualStudioVersion = 10.0.40219.1
Project("{9A19103F-16F7-4668-BE54-9A1E7A4F7556}") = "R5T.O0018.Construction", "R5T.O0018.Construction\R5T.O0018.Construction.csproj", "{8E6676F5-6345-46D8-BFBF-7BC727950FB4}"
EndProject
Project("{9A19103F-16F7-4668-BE54-9A1E7A4F7556}") = "R5T.O0018", "R5T.O0018\R5T.O0018.csproj", "{ECB98F15-64E7-4BD1-B3D5-B91D41D3998C}"
EndProject
Global
	GlobalSection(SolutionConfigurationPlatforms) = preSolution
		Debug|Any CPU = Debug|Any CPU
		Release|Any CPU = Release|Any CPU
	EndGlobalSection
	GlobalSection(ProjectConfigurationPlatforms) = postSolution
		{8E6676F5-6345-46D8-BFBF-7BC727950FB4}.Debug|Any CPU.ActiveCfg = Debug|Any CPU
		{8E6676F5-6345-46D8-BFBF-7BC727950FB4}.Debug|Any CPU.Build.0 = Debug|Any CPU
		{8E6676F5-6345-46D8-BFBF-7BC727950FB4}.Release|Any CPU.ActiveCfg = Release|Any CPU
		{8E6676F5-6345-46D8-BFBF-7BC727950FB4}.Release|Any CPU.Build.0 = Release|Any CPU
		{ECB98F15-64E7-4BD1-B3D5-B91D41D3998C}.Debug|Any CPU.ActiveCfg = Debug|Any CPU
		{ECB98F15-64E7-4BD1-B3D5-B91D41D3998C}.Debug|Any CPU.Build.0 = Debug|Any CPU
		{ECB98F15-64E7-4BD1-B3D5-B91D41D3998C}.Release|Any CPU.ActiveCfg = Release|Any CPU
		{ECB98F15-64E7-4BD1-B3D5-B91D41D3998C}.Release|Any CPU.Build.0 = Release|Any CPU
	EndGlobalSection
	GlobalSection(SolutionProperties) = preSolution
		HideSolutionNode = FALSE
	EndGlobalSection
	GlobalSection(ExtensibilityGlobals) = postSolution
		SolutionGuid = {51557A97-DD83-48AD-986C-34E71C865E77}
	EndGlobalSection
EndGlobal
