
Microsoft Visual Studio Solution File, Format Version 12.00
# Visual Studio Version 17
VisualStudioVersion = 17.2.32630.192
MinimumVisualStudioVersion = 10.0.40219.1
Project("{9A19103F-16F7-4668-BE54-9A1E7A4F7556}") = "R5T.O0018", "R5T.O0018\R5T.O0018.csproj", "{24DFDAAA-39C7-441A-BF84-8AD618D1EB01}"
EndProject
Project("{2150E333-8FDC-42A3-9474-1A3956D46DE8}") = "_Dependencies", "_Dependencies", "{726B598E-BB73-4150-A298-694EF5656EFE}"
EndProject
Project("{9A19103F-16F7-4668-BE54-9A1E7A4F7556}") = "R5T.F0000", "..\..\R5T.F0000\source\R5T.F0000\R5T.F0000.csproj", "{BCE3A249-CFF9-4ECE-8D8A-15EF597EEDA3}"
EndProject
Project("{9A19103F-16F7-4668-BE54-9A1E7A4F7556}") = "R5T.F0002", "..\..\R5T.F0002\source\R5T.F0002\R5T.F0002.csproj", "{8CE0C765-BD5C-48F3-992C-C75C94DDAB6C}"
EndProject
Project("{9A19103F-16F7-4668-BE54-9A1E7A4F7556}") = "R5T.F0019", "..\..\R5T.F0019\source\R5T.F0019\R5T.F0019.csproj", "{258692E6-D839-461F-BE3B-F0D749E92982}"
EndProject
Project("{9A19103F-16F7-4668-BE54-9A1E7A4F7556}") = "R5T.F0024.T001", "..\..\R5T.F0024\source\R5T.F0024.T001\R5T.F0024.T001.csproj", "{A44166DE-6BC1-4CCC-94C2-4F03ABA6B546}"
EndProject
Project("{9A19103F-16F7-4668-BE54-9A1E7A4F7556}") = "R5T.F0024", "..\..\R5T.F0024\source\R5T.F0024\R5T.F0024.csproj", "{FFCBFD55-95A4-46D3-BA0A-E3D4A0B43540}"
EndProject
Project("{9A19103F-16F7-4668-BE54-9A1E7A4F7556}") = "R5T.F0032", "..\..\R5T.F0032\source\R5T.F0032\R5T.F0032.csproj", "{DA0E1F03-F7EF-4CBF-A934-333E98C6BF33}"
EndProject
Project("{9A19103F-16F7-4668-BE54-9A1E7A4F7556}") = "R5T.F0041", "..\..\R5T.F0041\source\R5T.F0041\R5T.F0041.csproj", "{F446A273-5D39-4167-AE09-6634D1BFD266}"
EndProject
Project("{9A19103F-16F7-4668-BE54-9A1E7A4F7556}") = "R5T.F0042.F001", "..\..\R5T.F0042\source\R5T.F0042.F001\R5T.F0042.F001.csproj", "{0F7C9FE4-FD31-48A0-969F-55FCB53764D2}"
EndProject
Project("{9A19103F-16F7-4668-BE54-9A1E7A4F7556}") = "R5T.F0042.F002", "..\..\R5T.F0042\source\R5T.F0042.F002\R5T.F0042.F002.csproj", "{9CF450C2-3208-46D4-86C5-F33374C71E07}"
EndProject
Project("{9A19103F-16F7-4668-BE54-9A1E7A4F7556}") = "R5T.F0042", "..\..\R5T.F0042\source\R5T.F0042\R5T.F0042.csproj", "{E5AC283F-7345-47A4-A977-B6D881D0D252}"
EndProject
Project("{9A19103F-16F7-4668-BE54-9A1E7A4F7556}") = "R5T.F0044", "..\..\R5T.F0044\source\R5T.F0044\R5T.F0044.csproj", "{89D6C7E3-D0C5-42E2-B6FF-92472E888D80}"
EndProject
Project("{9A19103F-16F7-4668-BE54-9A1E7A4F7556}") = "R5T.F0046", "..\..\R5T.F0046\source\R5T.F0046\R5T.F0046.csproj", "{C7BB72FF-E44D-44B1-A697-4723BD58CBDD}"
EndProject
Project("{9A19103F-16F7-4668-BE54-9A1E7A4F7556}") = "R5T.F0047", "..\..\R5T.F0047\source\R5T.F0047\R5T.F0047.csproj", "{80DDC958-C800-4110-A15C-0303F7D69CF8}"
EndProject
Project("{9A19103F-16F7-4668-BE54-9A1E7A4F7556}") = "R5T.F0057", "..\..\R5T.F0057\source\R5T.F0057\R5T.F0057.csproj", "{121916E3-1587-42A5-8045-462C72DBB836}"
EndProject
Project("{9A19103F-16F7-4668-BE54-9A1E7A4F7556}") = "R5T.F0059", "..\..\R5T.F0059\source\R5T.F0059\R5T.F0059.csproj", "{60FDAEF2-76A8-4C62-8D03-178087BD20C1}"
EndProject
Project("{9A19103F-16F7-4668-BE54-9A1E7A4F7556}") = "R5T.F0091", "..\..\R5T.F0091\source\R5T.F0091\R5T.F0091.csproj", "{AC6C1745-6925-4309-A0D4-F56421B7926F}"
EndProject
Project("{9A19103F-16F7-4668-BE54-9A1E7A4F7556}") = "R5T.F0120", "..\..\R5T.F0120\source\R5T.F0120\R5T.F0120.csproj", "{FA3654AF-ED72-44C5-B488-41FE56BEC815}"
EndProject
Project("{9A19103F-16F7-4668-BE54-9A1E7A4F7556}") = "R5T.F0124", "..\..\R5T.F0124\source\R5T.F0124\R5T.F0124.csproj", "{121DA588-04D0-4BB1-88C0-C35E4C205A6D}"
EndProject
Project("{9A19103F-16F7-4668-BE54-9A1E7A4F7556}") = "R5T.F0125", "..\..\R5T.F0125\source\R5T.F0125\R5T.F0125.csproj", "{A26853AA-F081-4AEC-8F4A-8630036AFBA4}"
EndProject
Project("{9A19103F-16F7-4668-BE54-9A1E7A4F7556}") = "R5T.F0129", "..\..\R5T.F0129\source\R5T.F0129\R5T.F0129.csproj", "{10AE7FA9-C95A-416D-A905-A3BF632A677B}"
EndProject
Project("{9A19103F-16F7-4668-BE54-9A1E7A4F7556}") = "R5T.F0130", "..\..\R5T.F0130\source\R5T.F0130\R5T.F0130.csproj", "{B8CC124D-8F33-4AEB-B9CD-C21FD0E772F4}"
EndProject
Project("{9A19103F-16F7-4668-BE54-9A1E7A4F7556}") = "R5T.L0001.Y000", "..\..\R5T.L0001\source\R5T.L0001.Y000\R5T.L0001.Y000.csproj", "{C15E8F0C-DB28-44E0-8B84-62AA18D9FF91}"
EndProject
Project("{9A19103F-16F7-4668-BE54-9A1E7A4F7556}") = "R5T.L0001.Z000", "..\..\R5T.L0001\source\R5T.L0001.Z000\R5T.L0001.Z000.csproj", "{ADF7C648-FFB6-40AE-BC9E-5ECE403BF7A9}"
EndProject
Project("{9A19103F-16F7-4668-BE54-9A1E7A4F7556}") = "R5T.L0001", "..\..\R5T.L0001\source\R5T.L0001\R5T.L0001.csproj", "{B0CA7C9E-FBCA-4793-B494-910C8EB7A9CE}"
EndProject
Project("{9A19103F-16F7-4668-BE54-9A1E7A4F7556}") = "R5T.L0030.T000", "..\..\R5T.L0030\source\R5T.L0030.T000\R5T.L0030.T000.csproj", "{151D5BAE-0458-454F-B962-70E6CFC641A7}"
EndProject
Project("{9A19103F-16F7-4668-BE54-9A1E7A4F7556}") = "R5T.L0030", "..\..\R5T.L0030\source\R5T.L0030\R5T.L0030.csproj", "{C710EDFF-6A47-45D6-9471-6F55ABBBC0C4}"
EndProject
Project("{9A19103F-16F7-4668-BE54-9A1E7A4F7556}") = "R5T.L0031.T000", "..\..\R5T.L0031\source\R5T.L0031.T000\R5T.L0031.T000.csproj", "{01123C4C-4742-4D39-B932-0180C49CA766}"
EndProject
Project("{9A19103F-16F7-4668-BE54-9A1E7A4F7556}") = "R5T.L0031", "..\..\R5T.L0031\source\R5T.L0031\R5T.L0031.csproj", "{A03F27E6-F7DA-49EC-BA76-9D6E1D86DAB9}"
EndProject
Project("{9A19103F-16F7-4668-BE54-9A1E7A4F7556}") = "R5T.L0034", "..\..\R5T.L0034\source\R5T.L0034\R5T.L0034.csproj", "{797F5772-1005-4CBF-9019-AEC52C8D3F40}"
EndProject
Project("{9A19103F-16F7-4668-BE54-9A1E7A4F7556}") = "R5T.L0035", "..\..\R5T.L0035\source\R5T.L0035\R5T.L0035.csproj", "{800FA582-6115-416C-9746-651C51AE5134}"
EndProject
Project("{9A19103F-16F7-4668-BE54-9A1E7A4F7556}") = "R5T.L0039.F000", "..\..\R5T.L0039\source\R5T.L0039.F000\R5T.L0039.F000.csproj", "{27EEEA95-F896-48AE-8E5D-6F3FAC276C0C}"
EndProject
Project("{9A19103F-16F7-4668-BE54-9A1E7A4F7556}") = "R5T.L0039.O000", "..\..\R5T.L0039\source\R5T.L0039.O000\R5T.L0039.O000.csproj", "{F186850E-7C39-4E20-B4F8-85E4E543B35F}"
EndProject
Project("{9A19103F-16F7-4668-BE54-9A1E7A4F7556}") = "R5T.L0039.T000", "..\..\R5T.L0039\source\R5T.L0039.T000\R5T.L0039.T000.csproj", "{870A6359-7936-45BE-9975-2C16B00A48B4}"
EndProject
Project("{9A19103F-16F7-4668-BE54-9A1E7A4F7556}") = "R5T.L0042.T000", "..\..\R5T.L0042\source\R5T.L0042.T000\R5T.L0042.T000.csproj", "{E8CA648B-F4D1-4107-B531-842FEF9CBA38}"
EndProject
Project("{9A19103F-16F7-4668-BE54-9A1E7A4F7556}") = "R5T.L0047.F000", "..\..\R5T.L0047\source\R5T.L0047.F000\R5T.L0047.F000.csproj", "{5467AA3E-C130-4E6A-B605-5DAF3B964D3B}"
EndProject
Project("{9A19103F-16F7-4668-BE54-9A1E7A4F7556}") = "R5T.L0047.O001", "..\..\R5T.L0047\source\R5T.L0047.O001\R5T.L0047.O001.csproj", "{39361A31-6E1A-4DF0-AE5D-F9C902844B76}"
EndProject
Project("{9A19103F-16F7-4668-BE54-9A1E7A4F7556}") = "R5T.L0047.T000", "..\..\R5T.L0047\source\R5T.L0047.T000\R5T.L0047.T000.csproj", "{E37AFB7E-83E6-47E7-8772-F5AD182B6A55}"
EndProject
Project("{9A19103F-16F7-4668-BE54-9A1E7A4F7556}") = "R5T.L0047", "..\..\R5T.L0047\source\R5T.L0047\R5T.L0047.csproj", "{D440428B-2661-4481-9934-FE06382F3298}"
EndProject
Project("{9A19103F-16F7-4668-BE54-9A1E7A4F7556}") = "R5T.NG0005", "..\..\R5T.NG0005\source\R5T.NG0005\R5T.NG0005.csproj", "{D2FC1ADE-4488-4950-9D3F-0E601723D9FA}"
EndProject
Project("{9A19103F-16F7-4668-BE54-9A1E7A4F7556}") = "R5T.NG0006", "..\..\R5T.NG0006\source\R5T.NG0006\R5T.NG0006.csproj", "{7F8480B7-C29A-4A5E-8250-0C382BF97E74}"
EndProject
Project("{9A19103F-16F7-4668-BE54-9A1E7A4F7556}") = "R5T.NG0008", "..\..\R5T.NG0008\source\R5T.NG0008\R5T.NG0008.csproj", "{0BC2CA70-80F5-46F2-BEF0-1699C875F8B8}"
EndProject
Project("{9A19103F-16F7-4668-BE54-9A1E7A4F7556}") = "R5T.T0046", "..\..\R5T.T0046\source\R5T.T0046\R5T.T0046.csproj", "{37E82CF2-FCF0-42D5-B7BD-F9C7F967CE3F}"
EndProject
Project("{9A19103F-16F7-4668-BE54-9A1E7A4F7556}") = "R5T.T0131", "..\..\R5T.T0131\source\R5T.T0131\R5T.T0131.csproj", "{940E5174-74A2-4292-8260-51902E4B29D3}"
EndProject
Project("{9A19103F-16F7-4668-BE54-9A1E7A4F7556}") = "R5T.T0132", "..\..\R5T.T0132\source\R5T.T0132\R5T.T0132.csproj", "{BBF75038-87F9-488A-8034-3C94A7BFE860}"
EndProject
Project("{9A19103F-16F7-4668-BE54-9A1E7A4F7556}") = "R5T.T0137", "..\..\R5T.T0137\source\R5T.T0137\R5T.T0137.csproj", "{4C6D9312-8BB7-4AB7-84AE-26EAA8E426A4}"
EndProject
Project("{9A19103F-16F7-4668-BE54-9A1E7A4F7556}") = "R5T.T0142", "..\..\R5T.T0142\source\R5T.T0142\R5T.T0142.csproj", "{ECD88EAB-DD4C-47CE-AAC1-54676A1D5B4D}"
EndProject
Project("{9A19103F-16F7-4668-BE54-9A1E7A4F7556}") = "R5T.T0143", "..\..\R5T.T0143\source\R5T.T0143\R5T.T0143.csproj", "{7B9C0236-FB82-40F4-A6F8-403F48682EF1}"
EndProject
Project("{9A19103F-16F7-4668-BE54-9A1E7A4F7556}") = "R5T.T0144", "..\..\R5T.T0144\source\R5T.T0144\R5T.T0144.csproj", "{0A0E3420-8261-42D0-B9CF-28FED9BC1F1C}"
EndProject
Project("{9A19103F-16F7-4668-BE54-9A1E7A4F7556}") = "R5T.T0150", "..\..\R5T.T0150\source\R5T.T0150\R5T.T0150.csproj", "{C74B5050-B702-4263-B3BA-74F11C61CCAB}"
EndProject
Project("{9A19103F-16F7-4668-BE54-9A1E7A4F7556}") = "R5T.T0151", "..\..\R5T.T0151\source\R5T.T0151\R5T.T0151.csproj", "{AE831213-0BB9-43C2-AF00-E6D268F2E24A}"
EndProject
Project("{9A19103F-16F7-4668-BE54-9A1E7A4F7556}") = "R5T.T0156", "..\..\R5T.T0156\source\R5T.T0156\R5T.T0156.csproj", "{5772814C-6EFE-458C-BFB7-E6BDB0874883}"
EndProject
Project("{9A19103F-16F7-4668-BE54-9A1E7A4F7556}") = "R5T.T0158", "..\..\R5T.T0158\source\R5T.T0158\R5T.T0158.csproj", "{22C5F6A0-92DD-40BF-BAE2-F85135DBD410}"
EndProject
Project("{9A19103F-16F7-4668-BE54-9A1E7A4F7556}") = "R5T.T0159", "..\..\R5T.T0159\source\R5T.T0159\R5T.T0159.csproj", "{D44DB705-C657-4D46-92D0-370243A55618}"
EndProject
Project("{9A19103F-16F7-4668-BE54-9A1E7A4F7556}") = "R5T.T0172", "..\..\R5T.T0172\source\R5T.T0172\R5T.T0172.csproj", "{AF507854-E981-497A-A8DD-383D2CB56573}"
EndProject
Project("{9A19103F-16F7-4668-BE54-9A1E7A4F7556}") = "R5T.T0174", "..\..\R5T.T0174\source\R5T.T0174\R5T.T0174.csproj", "{CC589548-007F-436B-B968-C52E09D75435}"
EndProject
Project("{9A19103F-16F7-4668-BE54-9A1E7A4F7556}") = "R5T.T0176", "..\..\R5T.T0176\source\R5T.T0176\R5T.T0176.csproj", "{AFF11DCF-0F2A-4BBD-8531-47E1DEA6696D}"
EndProject
Project("{9A19103F-16F7-4668-BE54-9A1E7A4F7556}") = "R5T.T0177", "..\..\R5T.T0177\source\R5T.T0177\R5T.T0177.csproj", "{7222C28B-CBEE-4215-BE63-B3E6B7ECC0D3}"
EndProject
Project("{9A19103F-16F7-4668-BE54-9A1E7A4F7556}") = "R5T.T0178", "..\..\R5T.T0178\source\R5T.T0178\R5T.T0178.csproj", "{79B4B316-1725-49B4-A7E7-62E8C2BAF70E}"
EndProject
Project("{9A19103F-16F7-4668-BE54-9A1E7A4F7556}") = "R5T.T0179", "..\..\R5T.T0179\source\R5T.T0179\R5T.T0179.csproj", "{8D700448-5630-4D22-ABED-E374301C4431}"
EndProject
Project("{9A19103F-16F7-4668-BE54-9A1E7A4F7556}") = "R5T.T0180", "..\..\R5T.T0180\source\R5T.T0180\R5T.T0180.csproj", "{49D5779E-73F5-4FCF-8B4A-2C47E5CC9E4A}"
EndProject
Project("{9A19103F-16F7-4668-BE54-9A1E7A4F7556}") = "R5T.T0181", "..\..\R5T.T0181\source\R5T.T0181\R5T.T0181.csproj", "{C57F3007-7AD8-4141-9E8C-7D5D298DDBE9}"
EndProject
Project("{9A19103F-16F7-4668-BE54-9A1E7A4F7556}") = "R5T.T0184", "..\..\R5T.T0184\source\R5T.T0184\R5T.T0184.csproj", "{D98BF3FC-2AFC-425B-8022-B8BD96EA8316}"
EndProject
Project("{9A19103F-16F7-4668-BE54-9A1E7A4F7556}") = "R5T.T0185", "..\..\R5T.T0185\source\R5T.T0185\R5T.T0185.csproj", "{9A14A4CB-7135-445A-A258-9F8EE58F95E7}"
EndProject
Project("{9A19103F-16F7-4668-BE54-9A1E7A4F7556}") = "R5T.T0186", "..\..\R5T.T0186\source\R5T.T0186\R5T.T0186.csproj", "{B67DACCD-3AC8-407B-B702-AA12B3A652F2}"
EndProject
Project("{9A19103F-16F7-4668-BE54-9A1E7A4F7556}") = "R5T.T0187", "..\..\R5T.T0187\source\R5T.T0187\R5T.T0187.csproj", "{D1B23889-7A41-4FB6-B30D-F97E8CCAD8D5}"
EndProject
Project("{9A19103F-16F7-4668-BE54-9A1E7A4F7556}") = "R5T.T0188", "..\..\R5T.T0188\source\R5T.T0188\R5T.T0188.csproj", "{02D0210D-EE8F-48F7-8DBD-EDAD18402B0D}"
EndProject
Project("{9A19103F-16F7-4668-BE54-9A1E7A4F7556}") = "R5T.T0194", "..\..\R5T.T0194\source\R5T.T0194\R5T.T0194.csproj", "{FA245300-774A-4C51-9661-B26589B8DD42}"
EndProject
Project("{9A19103F-16F7-4668-BE54-9A1E7A4F7556}") = "R5T.T0198", "..\..\R5T.T0198\source\R5T.T0198\R5T.T0198.csproj", "{D750D19D-B995-495C-A072-ADBDDE23BAEA}"
EndProject
Project("{9A19103F-16F7-4668-BE54-9A1E7A4F7556}") = "R5T.T0200", "..\..\R5T.T0200\source\R5T.T0200\R5T.T0200.csproj", "{DF86364C-30A9-4112-B3FE-D6051C6EB055}"
EndProject
Project("{9A19103F-16F7-4668-BE54-9A1E7A4F7556}") = "R5T.T0203", "..\..\R5T.T0203\source\R5T.T0203\R5T.T0203.csproj", "{8E870234-5DC6-49FE-AB78-51F7C660B72A}"
EndProject
Project("{9A19103F-16F7-4668-BE54-9A1E7A4F7556}") = "R5T.Y0000", "..\..\R5T.Y0000\source\R5T.Y0000\R5T.Y0000.csproj", "{9952078C-CC6E-4C8E-B202-8706AAFE621F}"
EndProject
Project("{9A19103F-16F7-4668-BE54-9A1E7A4F7556}") = "R5T.Y0004", "..\..\R5T.Y0004\source\R5T.Y0004\R5T.Y0004.csproj", "{801EB88D-78CE-47C7-9D55-30C8D2402FB8}"
EndProject
Project("{9A19103F-16F7-4668-BE54-9A1E7A4F7556}") = "R5T.Z0000", "..\..\R5T.Z0000\source\R5T.Z0000\R5T.Z0000.csproj", "{C52651D9-036B-4161-8CEB-1A1B7E692A9E}"
EndProject
Project("{9A19103F-16F7-4668-BE54-9A1E7A4F7556}") = "R5T.Z0005", "..\..\R5T.Z0005\source\R5T.Z0005\R5T.Z0005.csproj", "{C4DC1B18-E811-4BAC-AD20-50A438EBAAB3}"
EndProject
Project("{9A19103F-16F7-4668-BE54-9A1E7A4F7556}") = "R5T.Z0009", "..\..\R5T.Z0009\source\R5T.Z0009\R5T.Z0009.csproj", "{68B52C24-AE87-4AA9-A005-659D5BC0061D}"
EndProject
Project("{9A19103F-16F7-4668-BE54-9A1E7A4F7556}") = "R5T.Z0013", "..\..\R5T.Z0013\source\R5T.Z0013\R5T.Z0013.csproj", "{19C4CD78-BCFD-4F12-AB6B-D46817D46795}"
EndProject
Project("{9A19103F-16F7-4668-BE54-9A1E7A4F7556}") = "R5T.Z0036", "..\..\R5T.Z0036\source\R5T.Z0036\R5T.Z0036.csproj", "{426C3ADE-95E4-4949-8F0D-1F48387F8291}"
EndProject
Project("{9A19103F-16F7-4668-BE54-9A1E7A4F7556}") = "R5T.Z0044.Z001", "..\..\R5T.Z0044\source\R5T.Z0044.Z001\R5T.Z0044.Z001.csproj", "{1901033B-D794-48DD-BC40-23B4D0AB6DB2}"
EndProject
Project("{9A19103F-16F7-4668-BE54-9A1E7A4F7556}") = "R5T.NG0022", "..\..\R5T.NG0022\source\R5T.NG0022\R5T.NG0022.csproj", "{04A99FA5-2DCA-4734-86E6-2B6B21351B08}"
EndProject
Project("{9A19103F-16F7-4668-BE54-9A1E7A4F7556}") = "R5T.O0023", "..\..\R5T.O0023\source\R5T.O0023\R5T.O0023.csproj", "{159CB926-F3D4-43E9-89BC-24CDD8BB8955}"
EndProject
Project("{9A19103F-16F7-4668-BE54-9A1E7A4F7556}") = "R5T.T0209", "..\..\R5T.T0209\source\R5T.T0209\R5T.T0209.csproj", "{8B0D2559-E401-45B2-A59E-416A628FBD73}"
EndProject
Global
	GlobalSection(NestedProjects) = preSolution
		{BCE3A249-CFF9-4ECE-8D8A-15EF597EEDA3} = {726B598E-BB73-4150-A298-694EF5656EFE}
		{8CE0C765-BD5C-48F3-992C-C75C94DDAB6C} = {726B598E-BB73-4150-A298-694EF5656EFE}
		{258692E6-D839-461F-BE3B-F0D749E92982} = {726B598E-BB73-4150-A298-694EF5656EFE}
		{A44166DE-6BC1-4CCC-94C2-4F03ABA6B546} = {726B598E-BB73-4150-A298-694EF5656EFE}
		{FFCBFD55-95A4-46D3-BA0A-E3D4A0B43540} = {726B598E-BB73-4150-A298-694EF5656EFE}
		{DA0E1F03-F7EF-4CBF-A934-333E98C6BF33} = {726B598E-BB73-4150-A298-694EF5656EFE}
		{F446A273-5D39-4167-AE09-6634D1BFD266} = {726B598E-BB73-4150-A298-694EF5656EFE}
		{0F7C9FE4-FD31-48A0-969F-55FCB53764D2} = {726B598E-BB73-4150-A298-694EF5656EFE}
		{9CF450C2-3208-46D4-86C5-F33374C71E07} = {726B598E-BB73-4150-A298-694EF5656EFE}
		{E5AC283F-7345-47A4-A977-B6D881D0D252} = {726B598E-BB73-4150-A298-694EF5656EFE}
		{89D6C7E3-D0C5-42E2-B6FF-92472E888D80} = {726B598E-BB73-4150-A298-694EF5656EFE}
		{C7BB72FF-E44D-44B1-A697-4723BD58CBDD} = {726B598E-BB73-4150-A298-694EF5656EFE}
		{80DDC958-C800-4110-A15C-0303F7D69CF8} = {726B598E-BB73-4150-A298-694EF5656EFE}
		{121916E3-1587-42A5-8045-462C72DBB836} = {726B598E-BB73-4150-A298-694EF5656EFE}
		{60FDAEF2-76A8-4C62-8D03-178087BD20C1} = {726B598E-BB73-4150-A298-694EF5656EFE}
		{AC6C1745-6925-4309-A0D4-F56421B7926F} = {726B598E-BB73-4150-A298-694EF5656EFE}
		{FA3654AF-ED72-44C5-B488-41FE56BEC815} = {726B598E-BB73-4150-A298-694EF5656EFE}
		{121DA588-04D0-4BB1-88C0-C35E4C205A6D} = {726B598E-BB73-4150-A298-694EF5656EFE}
		{A26853AA-F081-4AEC-8F4A-8630036AFBA4} = {726B598E-BB73-4150-A298-694EF5656EFE}
		{10AE7FA9-C95A-416D-A905-A3BF632A677B} = {726B598E-BB73-4150-A298-694EF5656EFE}
		{B8CC124D-8F33-4AEB-B9CD-C21FD0E772F4} = {726B598E-BB73-4150-A298-694EF5656EFE}
		{C15E8F0C-DB28-44E0-8B84-62AA18D9FF91} = {726B598E-BB73-4150-A298-694EF5656EFE}
		{ADF7C648-FFB6-40AE-BC9E-5ECE403BF7A9} = {726B598E-BB73-4150-A298-694EF5656EFE}
		{B0CA7C9E-FBCA-4793-B494-910C8EB7A9CE} = {726B598E-BB73-4150-A298-694EF5656EFE}
		{151D5BAE-0458-454F-B962-70E6CFC641A7} = {726B598E-BB73-4150-A298-694EF5656EFE}
		{C710EDFF-6A47-45D6-9471-6F55ABBBC0C4} = {726B598E-BB73-4150-A298-694EF5656EFE}
		{01123C4C-4742-4D39-B932-0180C49CA766} = {726B598E-BB73-4150-A298-694EF5656EFE}
		{A03F27E6-F7DA-49EC-BA76-9D6E1D86DAB9} = {726B598E-BB73-4150-A298-694EF5656EFE}
		{797F5772-1005-4CBF-9019-AEC52C8D3F40} = {726B598E-BB73-4150-A298-694EF5656EFE}
		{800FA582-6115-416C-9746-651C51AE5134} = {726B598E-BB73-4150-A298-694EF5656EFE}
		{27EEEA95-F896-48AE-8E5D-6F3FAC276C0C} = {726B598E-BB73-4150-A298-694EF5656EFE}
		{F186850E-7C39-4E20-B4F8-85E4E543B35F} = {726B598E-BB73-4150-A298-694EF5656EFE}
		{870A6359-7936-45BE-9975-2C16B00A48B4} = {726B598E-BB73-4150-A298-694EF5656EFE}
		{E8CA648B-F4D1-4107-B531-842FEF9CBA38} = {726B598E-BB73-4150-A298-694EF5656EFE}
		{5467AA3E-C130-4E6A-B605-5DAF3B964D3B} = {726B598E-BB73-4150-A298-694EF5656EFE}
		{39361A31-6E1A-4DF0-AE5D-F9C902844B76} = {726B598E-BB73-4150-A298-694EF5656EFE}
		{E37AFB7E-83E6-47E7-8772-F5AD182B6A55} = {726B598E-BB73-4150-A298-694EF5656EFE}
		{D440428B-2661-4481-9934-FE06382F3298} = {726B598E-BB73-4150-A298-694EF5656EFE}
		{D2FC1ADE-4488-4950-9D3F-0E601723D9FA} = {726B598E-BB73-4150-A298-694EF5656EFE}
		{7F8480B7-C29A-4A5E-8250-0C382BF97E74} = {726B598E-BB73-4150-A298-694EF5656EFE}
		{0BC2CA70-80F5-46F2-BEF0-1699C875F8B8} = {726B598E-BB73-4150-A298-694EF5656EFE}
		{37E82CF2-FCF0-42D5-B7BD-F9C7F967CE3F} = {726B598E-BB73-4150-A298-694EF5656EFE}
		{940E5174-74A2-4292-8260-51902E4B29D3} = {726B598E-BB73-4150-A298-694EF5656EFE}
		{BBF75038-87F9-488A-8034-3C94A7BFE860} = {726B598E-BB73-4150-A298-694EF5656EFE}
		{4C6D9312-8BB7-4AB7-84AE-26EAA8E426A4} = {726B598E-BB73-4150-A298-694EF5656EFE}
		{ECD88EAB-DD4C-47CE-AAC1-54676A1D5B4D} = {726B598E-BB73-4150-A298-694EF5656EFE}
		{7B9C0236-FB82-40F4-A6F8-403F48682EF1} = {726B598E-BB73-4150-A298-694EF5656EFE}
		{0A0E3420-8261-42D0-B9CF-28FED9BC1F1C} = {726B598E-BB73-4150-A298-694EF5656EFE}
		{C74B5050-B702-4263-B3BA-74F11C61CCAB} = {726B598E-BB73-4150-A298-694EF5656EFE}
		{AE831213-0BB9-43C2-AF00-E6D268F2E24A} = {726B598E-BB73-4150-A298-694EF5656EFE}
		{5772814C-6EFE-458C-BFB7-E6BDB0874883} = {726B598E-BB73-4150-A298-694EF5656EFE}
		{22C5F6A0-92DD-40BF-BAE2-F85135DBD410} = {726B598E-BB73-4150-A298-694EF5656EFE}
		{D44DB705-C657-4D46-92D0-370243A55618} = {726B598E-BB73-4150-A298-694EF5656EFE}
		{AF507854-E981-497A-A8DD-383D2CB56573} = {726B598E-BB73-4150-A298-694EF5656EFE}
		{CC589548-007F-436B-B968-C52E09D75435} = {726B598E-BB73-4150-A298-694EF5656EFE}
		{AFF11DCF-0F2A-4BBD-8531-47E1DEA6696D} = {726B598E-BB73-4150-A298-694EF5656EFE}
		{7222C28B-CBEE-4215-BE63-B3E6B7ECC0D3} = {726B598E-BB73-4150-A298-694EF5656EFE}
		{79B4B316-1725-49B4-A7E7-62E8C2BAF70E} = {726B598E-BB73-4150-A298-694EF5656EFE}
		{8D700448-5630-4D22-ABED-E374301C4431} = {726B598E-BB73-4150-A298-694EF5656EFE}
		{49D5779E-73F5-4FCF-8B4A-2C47E5CC9E4A} = {726B598E-BB73-4150-A298-694EF5656EFE}
		{C57F3007-7AD8-4141-9E8C-7D5D298DDBE9} = {726B598E-BB73-4150-A298-694EF5656EFE}
		{D98BF3FC-2AFC-425B-8022-B8BD96EA8316} = {726B598E-BB73-4150-A298-694EF5656EFE}
		{9A14A4CB-7135-445A-A258-9F8EE58F95E7} = {726B598E-BB73-4150-A298-694EF5656EFE}
		{B67DACCD-3AC8-407B-B702-AA12B3A652F2} = {726B598E-BB73-4150-A298-694EF5656EFE}
		{D1B23889-7A41-4FB6-B30D-F97E8CCAD8D5} = {726B598E-BB73-4150-A298-694EF5656EFE}
		{02D0210D-EE8F-48F7-8DBD-EDAD18402B0D} = {726B598E-BB73-4150-A298-694EF5656EFE}
		{FA245300-774A-4C51-9661-B26589B8DD42} = {726B598E-BB73-4150-A298-694EF5656EFE}
		{D750D19D-B995-495C-A072-ADBDDE23BAEA} = {726B598E-BB73-4150-A298-694EF5656EFE}
		{DF86364C-30A9-4112-B3FE-D6051C6EB055} = {726B598E-BB73-4150-A298-694EF5656EFE}
		{8E870234-5DC6-49FE-AB78-51F7C660B72A} = {726B598E-BB73-4150-A298-694EF5656EFE}
		{9952078C-CC6E-4C8E-B202-8706AAFE621F} = {726B598E-BB73-4150-A298-694EF5656EFE}
		{801EB88D-78CE-47C7-9D55-30C8D2402FB8} = {726B598E-BB73-4150-A298-694EF5656EFE}
		{C52651D9-036B-4161-8CEB-1A1B7E692A9E} = {726B598E-BB73-4150-A298-694EF5656EFE}
		{C4DC1B18-E811-4BAC-AD20-50A438EBAAB3} = {726B598E-BB73-4150-A298-694EF5656EFE}
		{68B52C24-AE87-4AA9-A005-659D5BC0061D} = {726B598E-BB73-4150-A298-694EF5656EFE}
		{19C4CD78-BCFD-4F12-AB6B-D46817D46795} = {726B598E-BB73-4150-A298-694EF5656EFE}
		{426C3ADE-95E4-4949-8F0D-1F48387F8291} = {726B598E-BB73-4150-A298-694EF5656EFE}
		{1901033B-D794-48DD-BC40-23B4D0AB6DB2} = {726B598E-BB73-4150-A298-694EF5656EFE}
		{04A99FA5-2DCA-4734-86E6-2B6B21351B08} = {726B598E-BB73-4150-A298-694EF5656EFE}
		{159CB926-F3D4-43E9-89BC-24CDD8BB8955} = {726B598E-BB73-4150-A298-694EF5656EFE}
		{8B0D2559-E401-45B2-A59E-416A628FBD73} = {726B598E-BB73-4150-A298-694EF5656EFE}
	EndGlobalSection
	GlobalSection(SolutionConfigurationPlatforms) = preSolution
		Debug|Any CPU = Debug|Any CPU
		Release|Any CPU = Release|Any CPU
	EndGlobalSection
	GlobalSection(ProjectConfigurationPlatforms) = postSolution
		{24DFDAAA-39C7-441A-BF84-8AD618D1EB01}.Debug|Any CPU.ActiveCfg = Debug|Any CPU
		{24DFDAAA-39C7-441A-BF84-8AD618D1EB01}.Debug|Any CPU.Build.0 = Debug|Any CPU
		{24DFDAAA-39C7-441A-BF84-8AD618D1EB01}.Release|Any CPU.ActiveCfg = Release|Any CPU
		{24DFDAAA-39C7-441A-BF84-8AD618D1EB01}.Release|Any CPU.Build.0 = Release|Any CPU
		{BCE3A249-CFF9-4ECE-8D8A-15EF597EEDA3}.Debug|Any CPU.ActiveCfg = Debug|Any CPU
		{BCE3A249-CFF9-4ECE-8D8A-15EF597EEDA3}.Debug|Any CPU.Build.0 = Debug|Any CPU
		{BCE3A249-CFF9-4ECE-8D8A-15EF597EEDA3}.Release|Any CPU.ActiveCfg = Release|Any CPU
		{BCE3A249-CFF9-4ECE-8D8A-15EF597EEDA3}.Release|Any CPU.Build.0 = Release|Any CPU
		{8CE0C765-BD5C-48F3-992C-C75C94DDAB6C}.Debug|Any CPU.ActiveCfg = Debug|Any CPU
		{8CE0C765-BD5C-48F3-992C-C75C94DDAB6C}.Debug|Any CPU.Build.0 = Debug|Any CPU
		{8CE0C765-BD5C-48F3-992C-C75C94DDAB6C}.Release|Any CPU.ActiveCfg = Release|Any CPU
		{8CE0C765-BD5C-48F3-992C-C75C94DDAB6C}.Release|Any CPU.Build.0 = Release|Any CPU
		{258692E6-D839-461F-BE3B-F0D749E92982}.Debug|Any CPU.ActiveCfg = Debug|Any CPU
		{258692E6-D839-461F-BE3B-F0D749E92982}.Debug|Any CPU.Build.0 = Debug|Any CPU
		{258692E6-D839-461F-BE3B-F0D749E92982}.Release|Any CPU.ActiveCfg = Release|Any CPU
		{258692E6-D839-461F-BE3B-F0D749E92982}.Release|Any CPU.Build.0 = Release|Any CPU
		{A44166DE-6BC1-4CCC-94C2-4F03ABA6B546}.Debug|Any CPU.ActiveCfg = Debug|Any CPU
		{A44166DE-6BC1-4CCC-94C2-4F03ABA6B546}.Debug|Any CPU.Build.0 = Debug|Any CPU
		{A44166DE-6BC1-4CCC-94C2-4F03ABA6B546}.Release|Any CPU.ActiveCfg = Release|Any CPU
		{A44166DE-6BC1-4CCC-94C2-4F03ABA6B546}.Release|Any CPU.Build.0 = Release|Any CPU
		{FFCBFD55-95A4-46D3-BA0A-E3D4A0B43540}.Debug|Any CPU.ActiveCfg = Debug|Any CPU
		{FFCBFD55-95A4-46D3-BA0A-E3D4A0B43540}.Debug|Any CPU.Build.0 = Debug|Any CPU
		{FFCBFD55-95A4-46D3-BA0A-E3D4A0B43540}.Release|Any CPU.ActiveCfg = Release|Any CPU
		{FFCBFD55-95A4-46D3-BA0A-E3D4A0B43540}.Release|Any CPU.Build.0 = Release|Any CPU
		{DA0E1F03-F7EF-4CBF-A934-333E98C6BF33}.Debug|Any CPU.ActiveCfg = Debug|Any CPU
		{DA0E1F03-F7EF-4CBF-A934-333E98C6BF33}.Debug|Any CPU.Build.0 = Debug|Any CPU
		{DA0E1F03-F7EF-4CBF-A934-333E98C6BF33}.Release|Any CPU.ActiveCfg = Release|Any CPU
		{DA0E1F03-F7EF-4CBF-A934-333E98C6BF33}.Release|Any CPU.Build.0 = Release|Any CPU
		{F446A273-5D39-4167-AE09-6634D1BFD266}.Debug|Any CPU.ActiveCfg = Debug|Any CPU
		{F446A273-5D39-4167-AE09-6634D1BFD266}.Debug|Any CPU.Build.0 = Debug|Any CPU
		{F446A273-5D39-4167-AE09-6634D1BFD266}.Release|Any CPU.ActiveCfg = Release|Any CPU
		{F446A273-5D39-4167-AE09-6634D1BFD266}.Release|Any CPU.Build.0 = Release|Any CPU
		{0F7C9FE4-FD31-48A0-969F-55FCB53764D2}.Debug|Any CPU.ActiveCfg = Debug|Any CPU
		{0F7C9FE4-FD31-48A0-969F-55FCB53764D2}.Debug|Any CPU.Build.0 = Debug|Any CPU
		{0F7C9FE4-FD31-48A0-969F-55FCB53764D2}.Release|Any CPU.ActiveCfg = Release|Any CPU
		{0F7C9FE4-FD31-48A0-969F-55FCB53764D2}.Release|Any CPU.Build.0 = Release|Any CPU
		{9CF450C2-3208-46D4-86C5-F33374C71E07}.Debug|Any CPU.ActiveCfg = Debug|Any CPU
		{9CF450C2-3208-46D4-86C5-F33374C71E07}.Debug|Any CPU.Build.0 = Debug|Any CPU
		{9CF450C2-3208-46D4-86C5-F33374C71E07}.Release|Any CPU.ActiveCfg = Release|Any CPU
		{9CF450C2-3208-46D4-86C5-F33374C71E07}.Release|Any CPU.Build.0 = Release|Any CPU
		{E5AC283F-7345-47A4-A977-B6D881D0D252}.Debug|Any CPU.ActiveCfg = Debug|Any CPU
		{E5AC283F-7345-47A4-A977-B6D881D0D252}.Debug|Any CPU.Build.0 = Debug|Any CPU
		{E5AC283F-7345-47A4-A977-B6D881D0D252}.Release|Any CPU.ActiveCfg = Release|Any CPU
		{E5AC283F-7345-47A4-A977-B6D881D0D252}.Release|Any CPU.Build.0 = Release|Any CPU
		{89D6C7E3-D0C5-42E2-B6FF-92472E888D80}.Debug|Any CPU.ActiveCfg = Debug|Any CPU
		{89D6C7E3-D0C5-42E2-B6FF-92472E888D80}.Debug|Any CPU.Build.0 = Debug|Any CPU
		{89D6C7E3-D0C5-42E2-B6FF-92472E888D80}.Release|Any CPU.ActiveCfg = Release|Any CPU
		{89D6C7E3-D0C5-42E2-B6FF-92472E888D80}.Release|Any CPU.Build.0 = Release|Any CPU
		{C7BB72FF-E44D-44B1-A697-4723BD58CBDD}.Debug|Any CPU.ActiveCfg = Debug|Any CPU
		{C7BB72FF-E44D-44B1-A697-4723BD58CBDD}.Debug|Any CPU.Build.0 = Debug|Any CPU
		{C7BB72FF-E44D-44B1-A697-4723BD58CBDD}.Release|Any CPU.ActiveCfg = Release|Any CPU
		{C7BB72FF-E44D-44B1-A697-4723BD58CBDD}.Release|Any CPU.Build.0 = Release|Any CPU
		{80DDC958-C800-4110-A15C-0303F7D69CF8}.Debug|Any CPU.ActiveCfg = Debug|Any CPU
		{80DDC958-C800-4110-A15C-0303F7D69CF8}.Debug|Any CPU.Build.0 = Debug|Any CPU
		{80DDC958-C800-4110-A15C-0303F7D69CF8}.Release|Any CPU.ActiveCfg = Release|Any CPU
		{80DDC958-C800-4110-A15C-0303F7D69CF8}.Release|Any CPU.Build.0 = Release|Any CPU
		{121916E3-1587-42A5-8045-462C72DBB836}.Debug|Any CPU.ActiveCfg = Debug|Any CPU
		{121916E3-1587-42A5-8045-462C72DBB836}.Debug|Any CPU.Build.0 = Debug|Any CPU
		{121916E3-1587-42A5-8045-462C72DBB836}.Release|Any CPU.ActiveCfg = Release|Any CPU
		{121916E3-1587-42A5-8045-462C72DBB836}.Release|Any CPU.Build.0 = Release|Any CPU
		{60FDAEF2-76A8-4C62-8D03-178087BD20C1}.Debug|Any CPU.ActiveCfg = Debug|Any CPU
		{60FDAEF2-76A8-4C62-8D03-178087BD20C1}.Debug|Any CPU.Build.0 = Debug|Any CPU
		{60FDAEF2-76A8-4C62-8D03-178087BD20C1}.Release|Any CPU.ActiveCfg = Release|Any CPU
		{60FDAEF2-76A8-4C62-8D03-178087BD20C1}.Release|Any CPU.Build.0 = Release|Any CPU
		{AC6C1745-6925-4309-A0D4-F56421B7926F}.Debug|Any CPU.ActiveCfg = Debug|Any CPU
		{AC6C1745-6925-4309-A0D4-F56421B7926F}.Debug|Any CPU.Build.0 = Debug|Any CPU
		{AC6C1745-6925-4309-A0D4-F56421B7926F}.Release|Any CPU.ActiveCfg = Release|Any CPU
		{AC6C1745-6925-4309-A0D4-F56421B7926F}.Release|Any CPU.Build.0 = Release|Any CPU
		{FA3654AF-ED72-44C5-B488-41FE56BEC815}.Debug|Any CPU.ActiveCfg = Debug|Any CPU
		{FA3654AF-ED72-44C5-B488-41FE56BEC815}.Debug|Any CPU.Build.0 = Debug|Any CPU
		{FA3654AF-ED72-44C5-B488-41FE56BEC815}.Release|Any CPU.ActiveCfg = Release|Any CPU
		{FA3654AF-ED72-44C5-B488-41FE56BEC815}.Release|Any CPU.Build.0 = Release|Any CPU
		{121DA588-04D0-4BB1-88C0-C35E4C205A6D}.Debug|Any CPU.ActiveCfg = Debug|Any CPU
		{121DA588-04D0-4BB1-88C0-C35E4C205A6D}.Debug|Any CPU.Build.0 = Debug|Any CPU
		{121DA588-04D0-4BB1-88C0-C35E4C205A6D}.Release|Any CPU.ActiveCfg = Release|Any CPU
		{121DA588-04D0-4BB1-88C0-C35E4C205A6D}.Release|Any CPU.Build.0 = Release|Any CPU
		{A26853AA-F081-4AEC-8F4A-8630036AFBA4}.Debug|Any CPU.ActiveCfg = Debug|Any CPU
		{A26853AA-F081-4AEC-8F4A-8630036AFBA4}.Debug|Any CPU.Build.0 = Debug|Any CPU
		{A26853AA-F081-4AEC-8F4A-8630036AFBA4}.Release|Any CPU.ActiveCfg = Release|Any CPU
		{A26853AA-F081-4AEC-8F4A-8630036AFBA4}.Release|Any CPU.Build.0 = Release|Any CPU
		{10AE7FA9-C95A-416D-A905-A3BF632A677B}.Debug|Any CPU.ActiveCfg = Debug|Any CPU
		{10AE7FA9-C95A-416D-A905-A3BF632A677B}.Debug|Any CPU.Build.0 = Debug|Any CPU
		{10AE7FA9-C95A-416D-A905-A3BF632A677B}.Release|Any CPU.ActiveCfg = Release|Any CPU
		{10AE7FA9-C95A-416D-A905-A3BF632A677B}.Release|Any CPU.Build.0 = Release|Any CPU
		{B8CC124D-8F33-4AEB-B9CD-C21FD0E772F4}.Debug|Any CPU.ActiveCfg = Debug|Any CPU
		{B8CC124D-8F33-4AEB-B9CD-C21FD0E772F4}.Debug|Any CPU.Build.0 = Debug|Any CPU
		{B8CC124D-8F33-4AEB-B9CD-C21FD0E772F4}.Release|Any CPU.ActiveCfg = Release|Any CPU
		{B8CC124D-8F33-4AEB-B9CD-C21FD0E772F4}.Release|Any CPU.Build.0 = Release|Any CPU
		{C15E8F0C-DB28-44E0-8B84-62AA18D9FF91}.Debug|Any CPU.ActiveCfg = Debug|Any CPU
		{C15E8F0C-DB28-44E0-8B84-62AA18D9FF91}.Debug|Any CPU.Build.0 = Debug|Any CPU
		{C15E8F0C-DB28-44E0-8B84-62AA18D9FF91}.Release|Any CPU.ActiveCfg = Release|Any CPU
		{C15E8F0C-DB28-44E0-8B84-62AA18D9FF91}.Release|Any CPU.Build.0 = Release|Any CPU
		{ADF7C648-FFB6-40AE-BC9E-5ECE403BF7A9}.Debug|Any CPU.ActiveCfg = Debug|Any CPU
		{ADF7C648-FFB6-40AE-BC9E-5ECE403BF7A9}.Debug|Any CPU.Build.0 = Debug|Any CPU
		{ADF7C648-FFB6-40AE-BC9E-5ECE403BF7A9}.Release|Any CPU.ActiveCfg = Release|Any CPU
		{ADF7C648-FFB6-40AE-BC9E-5ECE403BF7A9}.Release|Any CPU.Build.0 = Release|Any CPU
		{B0CA7C9E-FBCA-4793-B494-910C8EB7A9CE}.Debug|Any CPU.ActiveCfg = Debug|Any CPU
		{B0CA7C9E-FBCA-4793-B494-910C8EB7A9CE}.Debug|Any CPU.Build.0 = Debug|Any CPU
		{B0CA7C9E-FBCA-4793-B494-910C8EB7A9CE}.Release|Any CPU.ActiveCfg = Release|Any CPU
		{B0CA7C9E-FBCA-4793-B494-910C8EB7A9CE}.Release|Any CPU.Build.0 = Release|Any CPU
		{151D5BAE-0458-454F-B962-70E6CFC641A7}.Debug|Any CPU.ActiveCfg = Debug|Any CPU
		{151D5BAE-0458-454F-B962-70E6CFC641A7}.Debug|Any CPU.Build.0 = Debug|Any CPU
		{151D5BAE-0458-454F-B962-70E6CFC641A7}.Release|Any CPU.ActiveCfg = Release|Any CPU
		{151D5BAE-0458-454F-B962-70E6CFC641A7}.Release|Any CPU.Build.0 = Release|Any CPU
		{C710EDFF-6A47-45D6-9471-6F55ABBBC0C4}.Debug|Any CPU.ActiveCfg = Debug|Any CPU
		{C710EDFF-6A47-45D6-9471-6F55ABBBC0C4}.Debug|Any CPU.Build.0 = Debug|Any CPU
		{C710EDFF-6A47-45D6-9471-6F55ABBBC0C4}.Release|Any CPU.ActiveCfg = Release|Any CPU
		{C710EDFF-6A47-45D6-9471-6F55ABBBC0C4}.Release|Any CPU.Build.0 = Release|Any CPU
		{01123C4C-4742-4D39-B932-0180C49CA766}.Debug|Any CPU.ActiveCfg = Debug|Any CPU
		{01123C4C-4742-4D39-B932-0180C49CA766}.Debug|Any CPU.Build.0 = Debug|Any CPU
		{01123C4C-4742-4D39-B932-0180C49CA766}.Release|Any CPU.ActiveCfg = Release|Any CPU
		{01123C4C-4742-4D39-B932-0180C49CA766}.Release|Any CPU.Build.0 = Release|Any CPU
		{A03F27E6-F7DA-49EC-BA76-9D6E1D86DAB9}.Debug|Any CPU.ActiveCfg = Debug|Any CPU
		{A03F27E6-F7DA-49EC-BA76-9D6E1D86DAB9}.Debug|Any CPU.Build.0 = Debug|Any CPU
		{A03F27E6-F7DA-49EC-BA76-9D6E1D86DAB9}.Release|Any CPU.ActiveCfg = Release|Any CPU
		{A03F27E6-F7DA-49EC-BA76-9D6E1D86DAB9}.Release|Any CPU.Build.0 = Release|Any CPU
		{797F5772-1005-4CBF-9019-AEC52C8D3F40}.Debug|Any CPU.ActiveCfg = Debug|Any CPU
		{797F5772-1005-4CBF-9019-AEC52C8D3F40}.Debug|Any CPU.Build.0 = Debug|Any CPU
		{797F5772-1005-4CBF-9019-AEC52C8D3F40}.Release|Any CPU.ActiveCfg = Release|Any CPU
		{797F5772-1005-4CBF-9019-AEC52C8D3F40}.Release|Any CPU.Build.0 = Release|Any CPU
		{800FA582-6115-416C-9746-651C51AE5134}.Debug|Any CPU.ActiveCfg = Debug|Any CPU
		{800FA582-6115-416C-9746-651C51AE5134}.Debug|Any CPU.Build.0 = Debug|Any CPU
		{800FA582-6115-416C-9746-651C51AE5134}.Release|Any CPU.ActiveCfg = Release|Any CPU
		{800FA582-6115-416C-9746-651C51AE5134}.Release|Any CPU.Build.0 = Release|Any CPU
		{27EEEA95-F896-48AE-8E5D-6F3FAC276C0C}.Debug|Any CPU.ActiveCfg = Debug|Any CPU
		{27EEEA95-F896-48AE-8E5D-6F3FAC276C0C}.Debug|Any CPU.Build.0 = Debug|Any CPU
		{27EEEA95-F896-48AE-8E5D-6F3FAC276C0C}.Release|Any CPU.ActiveCfg = Release|Any CPU
		{27EEEA95-F896-48AE-8E5D-6F3FAC276C0C}.Release|Any CPU.Build.0 = Release|Any CPU
		{F186850E-7C39-4E20-B4F8-85E4E543B35F}.Debug|Any CPU.ActiveCfg = Debug|Any CPU
		{F186850E-7C39-4E20-B4F8-85E4E543B35F}.Debug|Any CPU.Build.0 = Debug|Any CPU
		{F186850E-7C39-4E20-B4F8-85E4E543B35F}.Release|Any CPU.ActiveCfg = Release|Any CPU
		{F186850E-7C39-4E20-B4F8-85E4E543B35F}.Release|Any CPU.Build.0 = Release|Any CPU
		{870A6359-7936-45BE-9975-2C16B00A48B4}.Debug|Any CPU.ActiveCfg = Debug|Any CPU
		{870A6359-7936-45BE-9975-2C16B00A48B4}.Debug|Any CPU.Build.0 = Debug|Any CPU
		{870A6359-7936-45BE-9975-2C16B00A48B4}.Release|Any CPU.ActiveCfg = Release|Any CPU
		{870A6359-7936-45BE-9975-2C16B00A48B4}.Release|Any CPU.Build.0 = Release|Any CPU
		{E8CA648B-F4D1-4107-B531-842FEF9CBA38}.Debug|Any CPU.ActiveCfg = Debug|Any CPU
		{E8CA648B-F4D1-4107-B531-842FEF9CBA38}.Debug|Any CPU.Build.0 = Debug|Any CPU
		{E8CA648B-F4D1-4107-B531-842FEF9CBA38}.Release|Any CPU.ActiveCfg = Release|Any CPU
		{E8CA648B-F4D1-4107-B531-842FEF9CBA38}.Release|Any CPU.Build.0 = Release|Any CPU
		{5467AA3E-C130-4E6A-B605-5DAF3B964D3B}.Debug|Any CPU.ActiveCfg = Debug|Any CPU
		{5467AA3E-C130-4E6A-B605-5DAF3B964D3B}.Debug|Any CPU.Build.0 = Debug|Any CPU
		{5467AA3E-C130-4E6A-B605-5DAF3B964D3B}.Release|Any CPU.ActiveCfg = Release|Any CPU
		{5467AA3E-C130-4E6A-B605-5DAF3B964D3B}.Release|Any CPU.Build.0 = Release|Any CPU
		{39361A31-6E1A-4DF0-AE5D-F9C902844B76}.Debug|Any CPU.ActiveCfg = Debug|Any CPU
		{39361A31-6E1A-4DF0-AE5D-F9C902844B76}.Debug|Any CPU.Build.0 = Debug|Any CPU
		{39361A31-6E1A-4DF0-AE5D-F9C902844B76}.Release|Any CPU.ActiveCfg = Release|Any CPU
		{39361A31-6E1A-4DF0-AE5D-F9C902844B76}.Release|Any CPU.Build.0 = Release|Any CPU
		{E37AFB7E-83E6-47E7-8772-F5AD182B6A55}.Debug|Any CPU.ActiveCfg = Debug|Any CPU
		{E37AFB7E-83E6-47E7-8772-F5AD182B6A55}.Debug|Any CPU.Build.0 = Debug|Any CPU
		{E37AFB7E-83E6-47E7-8772-F5AD182B6A55}.Release|Any CPU.ActiveCfg = Release|Any CPU
		{E37AFB7E-83E6-47E7-8772-F5AD182B6A55}.Release|Any CPU.Build.0 = Release|Any CPU
		{D440428B-2661-4481-9934-FE06382F3298}.Debug|Any CPU.ActiveCfg = Debug|Any CPU
		{D440428B-2661-4481-9934-FE06382F3298}.Debug|Any CPU.Build.0 = Debug|Any CPU
		{D440428B-2661-4481-9934-FE06382F3298}.Release|Any CPU.ActiveCfg = Release|Any CPU
		{D440428B-2661-4481-9934-FE06382F3298}.Release|Any CPU.Build.0 = Release|Any CPU
		{D2FC1ADE-4488-4950-9D3F-0E601723D9FA}.Debug|Any CPU.ActiveCfg = Debug|Any CPU
		{D2FC1ADE-4488-4950-9D3F-0E601723D9FA}.Debug|Any CPU.Build.0 = Debug|Any CPU
		{D2FC1ADE-4488-4950-9D3F-0E601723D9FA}.Release|Any CPU.ActiveCfg = Release|Any CPU
		{D2FC1ADE-4488-4950-9D3F-0E601723D9FA}.Release|Any CPU.Build.0 = Release|Any CPU
		{7F8480B7-C29A-4A5E-8250-0C382BF97E74}.Debug|Any CPU.ActiveCfg = Debug|Any CPU
		{7F8480B7-C29A-4A5E-8250-0C382BF97E74}.Debug|Any CPU.Build.0 = Debug|Any CPU
		{7F8480B7-C29A-4A5E-8250-0C382BF97E74}.Release|Any CPU.ActiveCfg = Release|Any CPU
		{7F8480B7-C29A-4A5E-8250-0C382BF97E74}.Release|Any CPU.Build.0 = Release|Any CPU
		{0BC2CA70-80F5-46F2-BEF0-1699C875F8B8}.Debug|Any CPU.ActiveCfg = Debug|Any CPU
		{0BC2CA70-80F5-46F2-BEF0-1699C875F8B8}.Debug|Any CPU.Build.0 = Debug|Any CPU
		{0BC2CA70-80F5-46F2-BEF0-1699C875F8B8}.Release|Any CPU.ActiveCfg = Release|Any CPU
		{0BC2CA70-80F5-46F2-BEF0-1699C875F8B8}.Release|Any CPU.Build.0 = Release|Any CPU
		{37E82CF2-FCF0-42D5-B7BD-F9C7F967CE3F}.Debug|Any CPU.ActiveCfg = Debug|Any CPU
		{37E82CF2-FCF0-42D5-B7BD-F9C7F967CE3F}.Debug|Any CPU.Build.0 = Debug|Any CPU
		{37E82CF2-FCF0-42D5-B7BD-F9C7F967CE3F}.Release|Any CPU.ActiveCfg = Release|Any CPU
		{37E82CF2-FCF0-42D5-B7BD-F9C7F967CE3F}.Release|Any CPU.Build.0 = Release|Any CPU
		{940E5174-74A2-4292-8260-51902E4B29D3}.Debug|Any CPU.ActiveCfg = Debug|Any CPU
		{940E5174-74A2-4292-8260-51902E4B29D3}.Debug|Any CPU.Build.0 = Debug|Any CPU
		{940E5174-74A2-4292-8260-51902E4B29D3}.Release|Any CPU.ActiveCfg = Release|Any CPU
		{940E5174-74A2-4292-8260-51902E4B29D3}.Release|Any CPU.Build.0 = Release|Any CPU
		{BBF75038-87F9-488A-8034-3C94A7BFE860}.Debug|Any CPU.ActiveCfg = Debug|Any CPU
		{BBF75038-87F9-488A-8034-3C94A7BFE860}.Debug|Any CPU.Build.0 = Debug|Any CPU
		{BBF75038-87F9-488A-8034-3C94A7BFE860}.Release|Any CPU.ActiveCfg = Release|Any CPU
		{BBF75038-87F9-488A-8034-3C94A7BFE860}.Release|Any CPU.Build.0 = Release|Any CPU
		{4C6D9312-8BB7-4AB7-84AE-26EAA8E426A4}.Debug|Any CPU.ActiveCfg = Debug|Any CPU
		{4C6D9312-8BB7-4AB7-84AE-26EAA8E426A4}.Debug|Any CPU.Build.0 = Debug|Any CPU
		{4C6D9312-8BB7-4AB7-84AE-26EAA8E426A4}.Release|Any CPU.ActiveCfg = Release|Any CPU
		{4C6D9312-8BB7-4AB7-84AE-26EAA8E426A4}.Release|Any CPU.Build.0 = Release|Any CPU
		{ECD88EAB-DD4C-47CE-AAC1-54676A1D5B4D}.Debug|Any CPU.ActiveCfg = Debug|Any CPU
		{ECD88EAB-DD4C-47CE-AAC1-54676A1D5B4D}.Debug|Any CPU.Build.0 = Debug|Any CPU
		{ECD88EAB-DD4C-47CE-AAC1-54676A1D5B4D}.Release|Any CPU.ActiveCfg = Release|Any CPU
		{ECD88EAB-DD4C-47CE-AAC1-54676A1D5B4D}.Release|Any CPU.Build.0 = Release|Any CPU
		{7B9C0236-FB82-40F4-A6F8-403F48682EF1}.Debug|Any CPU.ActiveCfg = Debug|Any CPU
		{7B9C0236-FB82-40F4-A6F8-403F48682EF1}.Debug|Any CPU.Build.0 = Debug|Any CPU
		{7B9C0236-FB82-40F4-A6F8-403F48682EF1}.Release|Any CPU.ActiveCfg = Release|Any CPU
		{7B9C0236-FB82-40F4-A6F8-403F48682EF1}.Release|Any CPU.Build.0 = Release|Any CPU
		{0A0E3420-8261-42D0-B9CF-28FED9BC1F1C}.Debug|Any CPU.ActiveCfg = Debug|Any CPU
		{0A0E3420-8261-42D0-B9CF-28FED9BC1F1C}.Debug|Any CPU.Build.0 = Debug|Any CPU
		{0A0E3420-8261-42D0-B9CF-28FED9BC1F1C}.Release|Any CPU.ActiveCfg = Release|Any CPU
		{0A0E3420-8261-42D0-B9CF-28FED9BC1F1C}.Release|Any CPU.Build.0 = Release|Any CPU
		{C74B5050-B702-4263-B3BA-74F11C61CCAB}.Debug|Any CPU.ActiveCfg = Debug|Any CPU
		{C74B5050-B702-4263-B3BA-74F11C61CCAB}.Debug|Any CPU.Build.0 = Debug|Any CPU
		{C74B5050-B702-4263-B3BA-74F11C61CCAB}.Release|Any CPU.ActiveCfg = Release|Any CPU
		{C74B5050-B702-4263-B3BA-74F11C61CCAB}.Release|Any CPU.Build.0 = Release|Any CPU
		{AE831213-0BB9-43C2-AF00-E6D268F2E24A}.Debug|Any CPU.ActiveCfg = Debug|Any CPU
		{AE831213-0BB9-43C2-AF00-E6D268F2E24A}.Debug|Any CPU.Build.0 = Debug|Any CPU
		{AE831213-0BB9-43C2-AF00-E6D268F2E24A}.Release|Any CPU.ActiveCfg = Release|Any CPU
		{AE831213-0BB9-43C2-AF00-E6D268F2E24A}.Release|Any CPU.Build.0 = Release|Any CPU
		{5772814C-6EFE-458C-BFB7-E6BDB0874883}.Debug|Any CPU.ActiveCfg = Debug|Any CPU
		{5772814C-6EFE-458C-BFB7-E6BDB0874883}.Debug|Any CPU.Build.0 = Debug|Any CPU
		{5772814C-6EFE-458C-BFB7-E6BDB0874883}.Release|Any CPU.ActiveCfg = Release|Any CPU
		{5772814C-6EFE-458C-BFB7-E6BDB0874883}.Release|Any CPU.Build.0 = Release|Any CPU
		{22C5F6A0-92DD-40BF-BAE2-F85135DBD410}.Debug|Any CPU.ActiveCfg = Debug|Any CPU
		{22C5F6A0-92DD-40BF-BAE2-F85135DBD410}.Debug|Any CPU.Build.0 = Debug|Any CPU
		{22C5F6A0-92DD-40BF-BAE2-F85135DBD410}.Release|Any CPU.ActiveCfg = Release|Any CPU
		{22C5F6A0-92DD-40BF-BAE2-F85135DBD410}.Release|Any CPU.Build.0 = Release|Any CPU
		{D44DB705-C657-4D46-92D0-370243A55618}.Debug|Any CPU.ActiveCfg = Debug|Any CPU
		{D44DB705-C657-4D46-92D0-370243A55618}.Debug|Any CPU.Build.0 = Debug|Any CPU
		{D44DB705-C657-4D46-92D0-370243A55618}.Release|Any CPU.ActiveCfg = Release|Any CPU
		{D44DB705-C657-4D46-92D0-370243A55618}.Release|Any CPU.Build.0 = Release|Any CPU
		{AF507854-E981-497A-A8DD-383D2CB56573}.Debug|Any CPU.ActiveCfg = Debug|Any CPU
		{AF507854-E981-497A-A8DD-383D2CB56573}.Debug|Any CPU.Build.0 = Debug|Any CPU
		{AF507854-E981-497A-A8DD-383D2CB56573}.Release|Any CPU.ActiveCfg = Release|Any CPU
		{AF507854-E981-497A-A8DD-383D2CB56573}.Release|Any CPU.Build.0 = Release|Any CPU
		{CC589548-007F-436B-B968-C52E09D75435}.Debug|Any CPU.ActiveCfg = Debug|Any CPU
		{CC589548-007F-436B-B968-C52E09D75435}.Debug|Any CPU.Build.0 = Debug|Any CPU
		{CC589548-007F-436B-B968-C52E09D75435}.Release|Any CPU.ActiveCfg = Release|Any CPU
		{CC589548-007F-436B-B968-C52E09D75435}.Release|Any CPU.Build.0 = Release|Any CPU
		{AFF11DCF-0F2A-4BBD-8531-47E1DEA6696D}.Debug|Any CPU.ActiveCfg = Debug|Any CPU
		{AFF11DCF-0F2A-4BBD-8531-47E1DEA6696D}.Debug|Any CPU.Build.0 = Debug|Any CPU
		{AFF11DCF-0F2A-4BBD-8531-47E1DEA6696D}.Release|Any CPU.ActiveCfg = Release|Any CPU
		{AFF11DCF-0F2A-4BBD-8531-47E1DEA6696D}.Release|Any CPU.Build.0 = Release|Any CPU
		{7222C28B-CBEE-4215-BE63-B3E6B7ECC0D3}.Debug|Any CPU.ActiveCfg = Debug|Any CPU
		{7222C28B-CBEE-4215-BE63-B3E6B7ECC0D3}.Debug|Any CPU.Build.0 = Debug|Any CPU
		{7222C28B-CBEE-4215-BE63-B3E6B7ECC0D3}.Release|Any CPU.ActiveCfg = Release|Any CPU
		{7222C28B-CBEE-4215-BE63-B3E6B7ECC0D3}.Release|Any CPU.Build.0 = Release|Any CPU
		{79B4B316-1725-49B4-A7E7-62E8C2BAF70E}.Debug|Any CPU.ActiveCfg = Debug|Any CPU
		{79B4B316-1725-49B4-A7E7-62E8C2BAF70E}.Debug|Any CPU.Build.0 = Debug|Any CPU
		{79B4B316-1725-49B4-A7E7-62E8C2BAF70E}.Release|Any CPU.ActiveCfg = Release|Any CPU
		{79B4B316-1725-49B4-A7E7-62E8C2BAF70E}.Release|Any CPU.Build.0 = Release|Any CPU
		{8D700448-5630-4D22-ABED-E374301C4431}.Debug|Any CPU.ActiveCfg = Debug|Any CPU
		{8D700448-5630-4D22-ABED-E374301C4431}.Debug|Any CPU.Build.0 = Debug|Any CPU
		{8D700448-5630-4D22-ABED-E374301C4431}.Release|Any CPU.ActiveCfg = Release|Any CPU
		{8D700448-5630-4D22-ABED-E374301C4431}.Release|Any CPU.Build.0 = Release|Any CPU
		{49D5779E-73F5-4FCF-8B4A-2C47E5CC9E4A}.Debug|Any CPU.ActiveCfg = Debug|Any CPU
		{49D5779E-73F5-4FCF-8B4A-2C47E5CC9E4A}.Debug|Any CPU.Build.0 = Debug|Any CPU
		{49D5779E-73F5-4FCF-8B4A-2C47E5CC9E4A}.Release|Any CPU.ActiveCfg = Release|Any CPU
		{49D5779E-73F5-4FCF-8B4A-2C47E5CC9E4A}.Release|Any CPU.Build.0 = Release|Any CPU
		{C57F3007-7AD8-4141-9E8C-7D5D298DDBE9}.Debug|Any CPU.ActiveCfg = Debug|Any CPU
		{C57F3007-7AD8-4141-9E8C-7D5D298DDBE9}.Debug|Any CPU.Build.0 = Debug|Any CPU
		{C57F3007-7AD8-4141-9E8C-7D5D298DDBE9}.Release|Any CPU.ActiveCfg = Release|Any CPU
		{C57F3007-7AD8-4141-9E8C-7D5D298DDBE9}.Release|Any CPU.Build.0 = Release|Any CPU
		{D98BF3FC-2AFC-425B-8022-B8BD96EA8316}.Debug|Any CPU.ActiveCfg = Debug|Any CPU
		{D98BF3FC-2AFC-425B-8022-B8BD96EA8316}.Debug|Any CPU.Build.0 = Debug|Any CPU
		{D98BF3FC-2AFC-425B-8022-B8BD96EA8316}.Release|Any CPU.ActiveCfg = Release|Any CPU
		{D98BF3FC-2AFC-425B-8022-B8BD96EA8316}.Release|Any CPU.Build.0 = Release|Any CPU
		{9A14A4CB-7135-445A-A258-9F8EE58F95E7}.Debug|Any CPU.ActiveCfg = Debug|Any CPU
		{9A14A4CB-7135-445A-A258-9F8EE58F95E7}.Debug|Any CPU.Build.0 = Debug|Any CPU
		{9A14A4CB-7135-445A-A258-9F8EE58F95E7}.Release|Any CPU.ActiveCfg = Release|Any CPU
		{9A14A4CB-7135-445A-A258-9F8EE58F95E7}.Release|Any CPU.Build.0 = Release|Any CPU
		{B67DACCD-3AC8-407B-B702-AA12B3A652F2}.Debug|Any CPU.ActiveCfg = Debug|Any CPU
		{B67DACCD-3AC8-407B-B702-AA12B3A652F2}.Debug|Any CPU.Build.0 = Debug|Any CPU
		{B67DACCD-3AC8-407B-B702-AA12B3A652F2}.Release|Any CPU.ActiveCfg = Release|Any CPU
		{B67DACCD-3AC8-407B-B702-AA12B3A652F2}.Release|Any CPU.Build.0 = Release|Any CPU
		{D1B23889-7A41-4FB6-B30D-F97E8CCAD8D5}.Debug|Any CPU.ActiveCfg = Debug|Any CPU
		{D1B23889-7A41-4FB6-B30D-F97E8CCAD8D5}.Debug|Any CPU.Build.0 = Debug|Any CPU
		{D1B23889-7A41-4FB6-B30D-F97E8CCAD8D5}.Release|Any CPU.ActiveCfg = Release|Any CPU
		{D1B23889-7A41-4FB6-B30D-F97E8CCAD8D5}.Release|Any CPU.Build.0 = Release|Any CPU
		{02D0210D-EE8F-48F7-8DBD-EDAD18402B0D}.Debug|Any CPU.ActiveCfg = Debug|Any CPU
		{02D0210D-EE8F-48F7-8DBD-EDAD18402B0D}.Debug|Any CPU.Build.0 = Debug|Any CPU
		{02D0210D-EE8F-48F7-8DBD-EDAD18402B0D}.Release|Any CPU.ActiveCfg = Release|Any CPU
		{02D0210D-EE8F-48F7-8DBD-EDAD18402B0D}.Release|Any CPU.Build.0 = Release|Any CPU
		{FA245300-774A-4C51-9661-B26589B8DD42}.Debug|Any CPU.ActiveCfg = Debug|Any CPU
		{FA245300-774A-4C51-9661-B26589B8DD42}.Debug|Any CPU.Build.0 = Debug|Any CPU
		{FA245300-774A-4C51-9661-B26589B8DD42}.Release|Any CPU.ActiveCfg = Release|Any CPU
		{FA245300-774A-4C51-9661-B26589B8DD42}.Release|Any CPU.Build.0 = Release|Any CPU
		{D750D19D-B995-495C-A072-ADBDDE23BAEA}.Debug|Any CPU.ActiveCfg = Debug|Any CPU
		{D750D19D-B995-495C-A072-ADBDDE23BAEA}.Debug|Any CPU.Build.0 = Debug|Any CPU
		{D750D19D-B995-495C-A072-ADBDDE23BAEA}.Release|Any CPU.ActiveCfg = Release|Any CPU
		{D750D19D-B995-495C-A072-ADBDDE23BAEA}.Release|Any CPU.Build.0 = Release|Any CPU
		{DF86364C-30A9-4112-B3FE-D6051C6EB055}.Debug|Any CPU.ActiveCfg = Debug|Any CPU
		{DF86364C-30A9-4112-B3FE-D6051C6EB055}.Debug|Any CPU.Build.0 = Debug|Any CPU
		{DF86364C-30A9-4112-B3FE-D6051C6EB055}.Release|Any CPU.ActiveCfg = Release|Any CPU
		{DF86364C-30A9-4112-B3FE-D6051C6EB055}.Release|Any CPU.Build.0 = Release|Any CPU
		{8E870234-5DC6-49FE-AB78-51F7C660B72A}.Debug|Any CPU.ActiveCfg = Debug|Any CPU
		{8E870234-5DC6-49FE-AB78-51F7C660B72A}.Debug|Any CPU.Build.0 = Debug|Any CPU
		{8E870234-5DC6-49FE-AB78-51F7C660B72A}.Release|Any CPU.ActiveCfg = Release|Any CPU
		{8E870234-5DC6-49FE-AB78-51F7C660B72A}.Release|Any CPU.Build.0 = Release|Any CPU
		{9952078C-CC6E-4C8E-B202-8706AAFE621F}.Debug|Any CPU.ActiveCfg = Debug|Any CPU
		{9952078C-CC6E-4C8E-B202-8706AAFE621F}.Debug|Any CPU.Build.0 = Debug|Any CPU
		{9952078C-CC6E-4C8E-B202-8706AAFE621F}.Release|Any CPU.ActiveCfg = Release|Any CPU
		{9952078C-CC6E-4C8E-B202-8706AAFE621F}.Release|Any CPU.Build.0 = Release|Any CPU
		{801EB88D-78CE-47C7-9D55-30C8D2402FB8}.Debug|Any CPU.ActiveCfg = Debug|Any CPU
		{801EB88D-78CE-47C7-9D55-30C8D2402FB8}.Debug|Any CPU.Build.0 = Debug|Any CPU
		{801EB88D-78CE-47C7-9D55-30C8D2402FB8}.Release|Any CPU.ActiveCfg = Release|Any CPU
		{801EB88D-78CE-47C7-9D55-30C8D2402FB8}.Release|Any CPU.Build.0 = Release|Any CPU
		{C52651D9-036B-4161-8CEB-1A1B7E692A9E}.Debug|Any CPU.ActiveCfg = Debug|Any CPU
		{C52651D9-036B-4161-8CEB-1A1B7E692A9E}.Debug|Any CPU.Build.0 = Debug|Any CPU
		{C52651D9-036B-4161-8CEB-1A1B7E692A9E}.Release|Any CPU.ActiveCfg = Release|Any CPU
		{C52651D9-036B-4161-8CEB-1A1B7E692A9E}.Release|Any CPU.Build.0 = Release|Any CPU
		{C4DC1B18-E811-4BAC-AD20-50A438EBAAB3}.Debug|Any CPU.ActiveCfg = Debug|Any CPU
		{C4DC1B18-E811-4BAC-AD20-50A438EBAAB3}.Debug|Any CPU.Build.0 = Debug|Any CPU
		{C4DC1B18-E811-4BAC-AD20-50A438EBAAB3}.Release|Any CPU.ActiveCfg = Release|Any CPU
		{C4DC1B18-E811-4BAC-AD20-50A438EBAAB3}.Release|Any CPU.Build.0 = Release|Any CPU
		{68B52C24-AE87-4AA9-A005-659D5BC0061D}.Debug|Any CPU.ActiveCfg = Debug|Any CPU
		{68B52C24-AE87-4AA9-A005-659D5BC0061D}.Debug|Any CPU.Build.0 = Debug|Any CPU
		{68B52C24-AE87-4AA9-A005-659D5BC0061D}.Release|Any CPU.ActiveCfg = Release|Any CPU
		{68B52C24-AE87-4AA9-A005-659D5BC0061D}.Release|Any CPU.Build.0 = Release|Any CPU
		{19C4CD78-BCFD-4F12-AB6B-D46817D46795}.Debug|Any CPU.ActiveCfg = Debug|Any CPU
		{19C4CD78-BCFD-4F12-AB6B-D46817D46795}.Debug|Any CPU.Build.0 = Debug|Any CPU
		{19C4CD78-BCFD-4F12-AB6B-D46817D46795}.Release|Any CPU.ActiveCfg = Release|Any CPU
		{19C4CD78-BCFD-4F12-AB6B-D46817D46795}.Release|Any CPU.Build.0 = Release|Any CPU
		{426C3ADE-95E4-4949-8F0D-1F48387F8291}.Debug|Any CPU.ActiveCfg = Debug|Any CPU
		{426C3ADE-95E4-4949-8F0D-1F48387F8291}.Debug|Any CPU.Build.0 = Debug|Any CPU
		{426C3ADE-95E4-4949-8F0D-1F48387F8291}.Release|Any CPU.ActiveCfg = Release|Any CPU
		{426C3ADE-95E4-4949-8F0D-1F48387F8291}.Release|Any CPU.Build.0 = Release|Any CPU
		{1901033B-D794-48DD-BC40-23B4D0AB6DB2}.Debug|Any CPU.ActiveCfg = Debug|Any CPU
		{1901033B-D794-48DD-BC40-23B4D0AB6DB2}.Debug|Any CPU.Build.0 = Debug|Any CPU
		{1901033B-D794-48DD-BC40-23B4D0AB6DB2}.Release|Any CPU.ActiveCfg = Release|Any CPU
		{1901033B-D794-48DD-BC40-23B4D0AB6DB2}.Release|Any CPU.Build.0 = Release|Any CPU
		{04A99FA5-2DCA-4734-86E6-2B6B21351B08}.Debug|Any CPU.ActiveCfg = Debug|Any CPU
		{04A99FA5-2DCA-4734-86E6-2B6B21351B08}.Debug|Any CPU.Build.0 = Debug|Any CPU
		{04A99FA5-2DCA-4734-86E6-2B6B21351B08}.Release|Any CPU.ActiveCfg = Release|Any CPU
		{04A99FA5-2DCA-4734-86E6-2B6B21351B08}.Release|Any CPU.Build.0 = Release|Any CPU
		{159CB926-F3D4-43E9-89BC-24CDD8BB8955}.Debug|Any CPU.ActiveCfg = Debug|Any CPU
		{159CB926-F3D4-43E9-89BC-24CDD8BB8955}.Debug|Any CPU.Build.0 = Debug|Any CPU
		{159CB926-F3D4-43E9-89BC-24CDD8BB8955}.Release|Any CPU.ActiveCfg = Release|Any CPU
		{159CB926-F3D4-43E9-89BC-24CDD8BB8955}.Release|Any CPU.Build.0 = Release|Any CPU
		{8B0D2559-E401-45B2-A59E-416A628FBD73}.Debug|Any CPU.ActiveCfg = Debug|Any CPU
		{8B0D2559-E401-45B2-A59E-416A628FBD73}.Debug|Any CPU.Build.0 = Debug|Any CPU
		{8B0D2559-E401-45B2-A59E-416A628FBD73}.Release|Any CPU.ActiveCfg = Release|Any CPU
		{8B0D2559-E401-45B2-A59E-416A628FBD73}.Release|Any CPU.Build.0 = Release|Any CPU
	EndGlobalSection
	GlobalSection(SolutionProperties) = preSolution
		HideSolutionNode = FALSE
	EndGlobalSection
	GlobalSection(ExtensibilityGlobals) = postSolution
		SolutionGuid = {E620BF53-79C7-45CE-BEE7-07069034D604}
	EndGlobalSection
EndGlobal
