
Microsoft Visual Studio Solution File, Format Version 12.00
# Visual Studio Version 17
VisualStudioVersion = 17.2.32630.192
MinimumVisualStudioVersion = 10.0.40219.1
Project("{9A19103F-16F7-4668-BE54-9A1E7A4F7556}") = "R5T.O0018.Construction", "R5T.O0018.Construction\R5T.O0018.Construction.csproj", "{8E6676F5-6345-46D8-BFBF-7BC727950FB4}"
EndProject
Project("{9A19103F-16F7-4668-BE54-9A1E7A4F7556}") = "R5T.O0018", "R5T.O0018\R5T.O0018.csproj", "{ECB98F15-64E7-4BD1-B3D5-B91D41D3998C}"
EndProject
Project("{2150E333-8FDC-42A3-9474-1A3956D46DE8}") = "_Dependencies", "_Dependencies", "{D2F72CEF-3947-48A6-AED2-104CFA895DA5}"
EndProject
Project("{9A19103F-16F7-4668-BE54-9A1E7A4F7556}") = "R5T.F0000", "..\..\R5T.F0000\source\R5T.F0000\R5T.F0000.csproj", "{869FC938-A65C-4FA7-9577-EED6DC86285D}"
EndProject
Project("{9A19103F-16F7-4668-BE54-9A1E7A4F7556}") = "R5T.F0002", "..\..\R5T.F0002\source\R5T.F0002\R5T.F0002.csproj", "{B512920E-EE0A-4F2E-A070-7EAB39BBEBD2}"
EndProject
Project("{9A19103F-16F7-4668-BE54-9A1E7A4F7556}") = "R5T.F0019", "..\..\R5T.F0019\source\R5T.F0019\R5T.F0019.csproj", "{5E83F037-4672-4AF4-BB14-D9CC152B3318}"
EndProject
Project("{9A19103F-16F7-4668-BE54-9A1E7A4F7556}") = "R5T.F0024.T001", "..\..\R5T.F0024\source\R5T.F0024.T001\R5T.F0024.T001.csproj", "{8CA63AE5-8B3A-40FA-878F-6FCBDF09811C}"
EndProject
Project("{9A19103F-16F7-4668-BE54-9A1E7A4F7556}") = "R5T.F0024", "..\..\R5T.F0024\source\R5T.F0024\R5T.F0024.csproj", "{D142C4AC-482B-4B2A-BF5E-4E5DF7442F9F}"
EndProject
Project("{9A19103F-16F7-4668-BE54-9A1E7A4F7556}") = "R5T.F0032", "..\..\R5T.F0032\source\R5T.F0032\R5T.F0032.csproj", "{DB18DE09-4944-4F4C-8F13-C0C5A5D24AB2}"
EndProject
Project("{9A19103F-16F7-4668-BE54-9A1E7A4F7556}") = "R5T.F0041", "..\..\R5T.F0041\source\R5T.F0041\R5T.F0041.csproj", "{8E7DB460-2B95-49B2-A2AF-21B688F18604}"
EndProject
Project("{9A19103F-16F7-4668-BE54-9A1E7A4F7556}") = "R5T.F0042.F001", "..\..\R5T.F0042\source\R5T.F0042.F001\R5T.F0042.F001.csproj", "{FF68D37A-ABBD-40CD-B0CB-2D6E6A49A6EB}"
EndProject
Project("{9A19103F-16F7-4668-BE54-9A1E7A4F7556}") = "R5T.F0042.F002", "..\..\R5T.F0042\source\R5T.F0042.F002\R5T.F0042.F002.csproj", "{03CB27E6-0E42-467E-8841-FA338158364F}"
EndProject
Project("{9A19103F-16F7-4668-BE54-9A1E7A4F7556}") = "R5T.F0042", "..\..\R5T.F0042\source\R5T.F0042\R5T.F0042.csproj", "{5D1E9E6B-4A72-4B57-8355-05751C8894CC}"
EndProject
Project("{9A19103F-16F7-4668-BE54-9A1E7A4F7556}") = "R5T.F0044", "..\..\R5T.F0044\source\R5T.F0044\R5T.F0044.csproj", "{CB716FD4-A506-40E3-BB4C-5EA4F4794F41}"
EndProject
Project("{9A19103F-16F7-4668-BE54-9A1E7A4F7556}") = "R5T.F0046", "..\..\R5T.F0046\source\R5T.F0046\R5T.F0046.csproj", "{DE98EB84-D9F2-408D-9BCB-83F36F40B54D}"
EndProject
Project("{9A19103F-16F7-4668-BE54-9A1E7A4F7556}") = "R5T.F0047", "..\..\R5T.F0047\source\R5T.F0047\R5T.F0047.csproj", "{C2DFB3F7-7279-4ABA-924F-97EE51D36094}"
EndProject
Project("{9A19103F-16F7-4668-BE54-9A1E7A4F7556}") = "R5T.F0057", "..\..\R5T.F0057\source\R5T.F0057\R5T.F0057.csproj", "{64EC3255-D34E-46BF-A520-D0D98BF27457}"
EndProject
Project("{9A19103F-16F7-4668-BE54-9A1E7A4F7556}") = "R5T.F0059", "..\..\R5T.F0059\source\R5T.F0059\R5T.F0059.csproj", "{C5877AB7-1FE3-469E-ADC9-9E0C1E62A3FB}"
EndProject
Project("{9A19103F-16F7-4668-BE54-9A1E7A4F7556}") = "R5T.F0091", "..\..\R5T.F0091\source\R5T.F0091\R5T.F0091.csproj", "{2E127C20-4ECD-4624-B54A-17AFD58E1195}"
EndProject
Project("{9A19103F-16F7-4668-BE54-9A1E7A4F7556}") = "R5T.F0120", "..\..\R5T.F0120\source\R5T.F0120\R5T.F0120.csproj", "{6A640A9C-6BE4-425F-A7C3-1DF6999BDB18}"
EndProject
Project("{9A19103F-16F7-4668-BE54-9A1E7A4F7556}") = "R5T.F0124", "..\..\R5T.F0124\source\R5T.F0124\R5T.F0124.csproj", "{420E4817-6A40-42D7-B651-2E1C915DE9E2}"
EndProject
Project("{9A19103F-16F7-4668-BE54-9A1E7A4F7556}") = "R5T.F0125", "..\..\R5T.F0125\source\R5T.F0125\R5T.F0125.csproj", "{5CC52A9A-AE53-42F1-A469-C3DFC8261845}"
EndProject
Project("{9A19103F-16F7-4668-BE54-9A1E7A4F7556}") = "R5T.F0129", "..\..\R5T.F0129\source\R5T.F0129\R5T.F0129.csproj", "{43B79C7A-E0BD-43E4-A233-6C537B195A31}"
EndProject
Project("{9A19103F-16F7-4668-BE54-9A1E7A4F7556}") = "R5T.F0130", "..\..\R5T.F0130\source\R5T.F0130\R5T.F0130.csproj", "{F91CF99E-4163-40AE-A0C2-61CECEBB05B7}"
EndProject
Project("{9A19103F-16F7-4668-BE54-9A1E7A4F7556}") = "R5T.L0001.Y000", "..\..\R5T.L0001\source\R5T.L0001.Y000\R5T.L0001.Y000.csproj", "{6BC5F84A-3C9D-4B66-8995-2901CA09D6B7}"
EndProject
Project("{9A19103F-16F7-4668-BE54-9A1E7A4F7556}") = "R5T.L0001.Z000", "..\..\R5T.L0001\source\R5T.L0001.Z000\R5T.L0001.Z000.csproj", "{E0451532-86B9-4CDD-915B-DE503508ED76}"
EndProject
Project("{9A19103F-16F7-4668-BE54-9A1E7A4F7556}") = "R5T.L0001", "..\..\R5T.L0001\source\R5T.L0001\R5T.L0001.csproj", "{4B9143EE-901C-4CA1-BB42-DA9FCC5A4A36}"
EndProject
Project("{9A19103F-16F7-4668-BE54-9A1E7A4F7556}") = "R5T.L0030.T000", "..\..\R5T.L0030\source\R5T.L0030.T000\R5T.L0030.T000.csproj", "{A4B2069A-FA89-4968-B48F-B7023690A1E4}"
EndProject
Project("{9A19103F-16F7-4668-BE54-9A1E7A4F7556}") = "R5T.L0030", "..\..\R5T.L0030\source\R5T.L0030\R5T.L0030.csproj", "{333DAFAB-AB3D-4C9E-ABE5-3248FB6C8269}"
EndProject
Project("{9A19103F-16F7-4668-BE54-9A1E7A4F7556}") = "R5T.L0031.T000", "..\..\R5T.L0031\source\R5T.L0031.T000\R5T.L0031.T000.csproj", "{46D088ED-340C-4A58-B6CD-E287FA811579}"
EndProject
Project("{9A19103F-16F7-4668-BE54-9A1E7A4F7556}") = "R5T.L0031", "..\..\R5T.L0031\source\R5T.L0031\R5T.L0031.csproj", "{06C9684A-43C1-430C-B751-9BE440C3EEB8}"
EndProject
Project("{9A19103F-16F7-4668-BE54-9A1E7A4F7556}") = "R5T.L0034", "..\..\R5T.L0034\source\R5T.L0034\R5T.L0034.csproj", "{7B21CEEF-77B3-45E1-AEF5-6B009F97813E}"
EndProject
Project("{9A19103F-16F7-4668-BE54-9A1E7A4F7556}") = "R5T.L0035", "..\..\R5T.L0035\source\R5T.L0035\R5T.L0035.csproj", "{8F4E34F5-BF39-4C54-B2BD-64D02A5D3585}"
EndProject
Project("{9A19103F-16F7-4668-BE54-9A1E7A4F7556}") = "R5T.L0039.F000", "..\..\R5T.L0039\source\R5T.L0039.F000\R5T.L0039.F000.csproj", "{A653A0AF-43BF-4484-8A2A-1614E75A1C44}"
EndProject
Project("{9A19103F-16F7-4668-BE54-9A1E7A4F7556}") = "R5T.L0039.O000", "..\..\R5T.L0039\source\R5T.L0039.O000\R5T.L0039.O000.csproj", "{525F369F-FBC0-4197-9BE1-82DE834AC77B}"
EndProject
Project("{9A19103F-16F7-4668-BE54-9A1E7A4F7556}") = "R5T.L0039.T000", "..\..\R5T.L0039\source\R5T.L0039.T000\R5T.L0039.T000.csproj", "{748C3E60-2B0B-4FB5-AB79-AB1D83306978}"
EndProject
Project("{9A19103F-16F7-4668-BE54-9A1E7A4F7556}") = "R5T.L0042.T000", "..\..\R5T.L0042\source\R5T.L0042.T000\R5T.L0042.T000.csproj", "{6C45C813-4EE8-4102-973F-B1A82B1BAECA}"
EndProject
Project("{9A19103F-16F7-4668-BE54-9A1E7A4F7556}") = "R5T.L0047.F000", "..\..\R5T.L0047\source\R5T.L0047.F000\R5T.L0047.F000.csproj", "{8B5F4FD3-FA9B-4330-B368-268430BE2148}"
EndProject
Project("{9A19103F-16F7-4668-BE54-9A1E7A4F7556}") = "R5T.L0047.O001", "..\..\R5T.L0047\source\R5T.L0047.O001\R5T.L0047.O001.csproj", "{4A7B3134-C11D-4E63-BC51-3D3D7C59F584}"
EndProject
Project("{9A19103F-16F7-4668-BE54-9A1E7A4F7556}") = "R5T.L0047.T000", "..\..\R5T.L0047\source\R5T.L0047.T000\R5T.L0047.T000.csproj", "{11440E72-AC1A-414F-8E9A-5F35B0D8562C}"
EndProject
Project("{9A19103F-16F7-4668-BE54-9A1E7A4F7556}") = "R5T.L0047", "..\..\R5T.L0047\source\R5T.L0047\R5T.L0047.csproj", "{46E05272-24CA-49E4-962B-457A8623F57E}"
EndProject
Project("{9A19103F-16F7-4668-BE54-9A1E7A4F7556}") = "R5T.NG0005", "..\..\R5T.NG0005\source\R5T.NG0005\R5T.NG0005.csproj", "{64D503BA-0B2C-4C36-8F94-A53CB760AC0A}"
EndProject
Project("{9A19103F-16F7-4668-BE54-9A1E7A4F7556}") = "R5T.NG0006", "..\..\R5T.NG0006\source\R5T.NG0006\R5T.NG0006.csproj", "{67C3D515-98CA-41A4-A297-5B93E6B74688}"
EndProject
Project("{9A19103F-16F7-4668-BE54-9A1E7A4F7556}") = "R5T.NG0008", "..\..\R5T.NG0008\source\R5T.NG0008\R5T.NG0008.csproj", "{2FB6454C-3DA0-4017-A207-63F7C0A7AA80}"
EndProject
Project("{9A19103F-16F7-4668-BE54-9A1E7A4F7556}") = "R5T.T0046", "..\..\R5T.T0046\source\R5T.T0046\R5T.T0046.csproj", "{E029DB1F-CC04-4CF2-94FB-E7BA9BE44599}"
EndProject
Project("{9A19103F-16F7-4668-BE54-9A1E7A4F7556}") = "R5T.T0131", "..\..\R5T.T0131\source\R5T.T0131\R5T.T0131.csproj", "{D5715730-93B3-4EC2-9803-E4E9B5590B87}"
EndProject
Project("{9A19103F-16F7-4668-BE54-9A1E7A4F7556}") = "R5T.T0132", "..\..\R5T.T0132\source\R5T.T0132\R5T.T0132.csproj", "{E5A49965-92ED-49CE-84BA-848681D79633}"
EndProject
Project("{9A19103F-16F7-4668-BE54-9A1E7A4F7556}") = "R5T.T0137", "..\..\R5T.T0137\source\R5T.T0137\R5T.T0137.csproj", "{42E11EBA-B787-4A50-B08E-97FB25CFFCBE}"
EndProject
Project("{9A19103F-16F7-4668-BE54-9A1E7A4F7556}") = "R5T.T0142", "..\..\R5T.T0142\source\R5T.T0142\R5T.T0142.csproj", "{4A6242E3-62F3-4909-8838-77B062BB78D9}"
EndProject
Project("{9A19103F-16F7-4668-BE54-9A1E7A4F7556}") = "R5T.T0143", "..\..\R5T.T0143\source\R5T.T0143\R5T.T0143.csproj", "{FE88ED9D-5576-4ED3-A8EF-D7C184406F07}"
EndProject
Project("{9A19103F-16F7-4668-BE54-9A1E7A4F7556}") = "R5T.T0144", "..\..\R5T.T0144\source\R5T.T0144\R5T.T0144.csproj", "{831F09A4-EA54-4559-AE7B-63C9890362AA}"
EndProject
Project("{9A19103F-16F7-4668-BE54-9A1E7A4F7556}") = "R5T.T0150", "..\..\R5T.T0150\source\R5T.T0150\R5T.T0150.csproj", "{DF172270-30B4-4F3A-97F7-6604BB3D8E0C}"
EndProject
Project("{9A19103F-16F7-4668-BE54-9A1E7A4F7556}") = "R5T.T0151", "..\..\R5T.T0151\source\R5T.T0151\R5T.T0151.csproj", "{C0DB95B2-B884-4794-9EA7-236A40BA6F9F}"
EndProject
Project("{9A19103F-16F7-4668-BE54-9A1E7A4F7556}") = "R5T.T0156", "..\..\R5T.T0156\source\R5T.T0156\R5T.T0156.csproj", "{942D7C5F-950A-4F6E-B97B-5B7B7F31563E}"
EndProject
Project("{9A19103F-16F7-4668-BE54-9A1E7A4F7556}") = "R5T.T0158", "..\..\R5T.T0158\source\R5T.T0158\R5T.T0158.csproj", "{D88C8BF9-A528-4561-A9E2-3C0E55E9F1FD}"
EndProject
Project("{9A19103F-16F7-4668-BE54-9A1E7A4F7556}") = "R5T.T0159", "..\..\R5T.T0159\source\R5T.T0159\R5T.T0159.csproj", "{B64CB73C-9364-4E5E-9CD8-5066A60EB504}"
EndProject
Project("{9A19103F-16F7-4668-BE54-9A1E7A4F7556}") = "R5T.T0172", "..\..\R5T.T0172\source\R5T.T0172\R5T.T0172.csproj", "{544EF2C5-91D3-4D34-B51A-1835BEA0AB58}"
EndProject
Project("{9A19103F-16F7-4668-BE54-9A1E7A4F7556}") = "R5T.T0174", "..\..\R5T.T0174\source\R5T.T0174\R5T.T0174.csproj", "{C13626F6-8882-40E7-9D06-88ED87BAD018}"
EndProject
Project("{9A19103F-16F7-4668-BE54-9A1E7A4F7556}") = "R5T.T0176", "..\..\R5T.T0176\source\R5T.T0176\R5T.T0176.csproj", "{49E59B89-C5AA-4ED4-A0C7-3994862FC019}"
EndProject
Project("{9A19103F-16F7-4668-BE54-9A1E7A4F7556}") = "R5T.T0177", "..\..\R5T.T0177\source\R5T.T0177\R5T.T0177.csproj", "{C42F2FA8-7963-4A5C-97DA-0BE0A4AA06B9}"
EndProject
Project("{9A19103F-16F7-4668-BE54-9A1E7A4F7556}") = "R5T.T0178", "..\..\R5T.T0178\source\R5T.T0178\R5T.T0178.csproj", "{2DE48698-645F-4714-B654-AFB7097D0078}"
EndProject
Project("{9A19103F-16F7-4668-BE54-9A1E7A4F7556}") = "R5T.T0179", "..\..\R5T.T0179\source\R5T.T0179\R5T.T0179.csproj", "{9F758CA9-3D48-4A5A-A347-DFF0EA0FD9E3}"
EndProject
Project("{9A19103F-16F7-4668-BE54-9A1E7A4F7556}") = "R5T.T0180", "..\..\R5T.T0180\source\R5T.T0180\R5T.T0180.csproj", "{B98075A1-A9C8-42C2-83D4-1EC7E6E6ACA7}"
EndProject
Project("{9A19103F-16F7-4668-BE54-9A1E7A4F7556}") = "R5T.T0181", "..\..\R5T.T0181\source\R5T.T0181\R5T.T0181.csproj", "{50E1E9A6-F236-428E-934B-34E0027AC857}"
EndProject
Project("{9A19103F-16F7-4668-BE54-9A1E7A4F7556}") = "R5T.T0184", "..\..\R5T.T0184\source\R5T.T0184\R5T.T0184.csproj", "{6BD0C797-CD0E-4764-86A2-DAE445CED264}"
EndProject
Project("{9A19103F-16F7-4668-BE54-9A1E7A4F7556}") = "R5T.T0185", "..\..\R5T.T0185\source\R5T.T0185\R5T.T0185.csproj", "{64DFCD1D-33D0-46C3-BFB1-3EC593E1BA98}"
EndProject
Project("{9A19103F-16F7-4668-BE54-9A1E7A4F7556}") = "R5T.T0186", "..\..\R5T.T0186\source\R5T.T0186\R5T.T0186.csproj", "{7533677F-3301-4369-A582-687891B37608}"
EndProject
Project("{9A19103F-16F7-4668-BE54-9A1E7A4F7556}") = "R5T.T0187", "..\..\R5T.T0187\source\R5T.T0187\R5T.T0187.csproj", "{AF5B49FA-4641-4F3B-B4E0-5CE955A474F4}"
EndProject
Project("{9A19103F-16F7-4668-BE54-9A1E7A4F7556}") = "R5T.T0188", "..\..\R5T.T0188\source\R5T.T0188\R5T.T0188.csproj", "{F7F8897E-99EB-44FE-B15F-82DF1EFF9050}"
EndProject
Project("{9A19103F-16F7-4668-BE54-9A1E7A4F7556}") = "R5T.T0194", "..\..\R5T.T0194\source\R5T.T0194\R5T.T0194.csproj", "{F75471BE-03AE-413C-BFD6-74F9C6FA3B50}"
EndProject
Project("{9A19103F-16F7-4668-BE54-9A1E7A4F7556}") = "R5T.T0198", "..\..\R5T.T0198\source\R5T.T0198\R5T.T0198.csproj", "{D10A6747-CE59-4403-838A-86BDFFC67A3C}"
EndProject
Project("{9A19103F-16F7-4668-BE54-9A1E7A4F7556}") = "R5T.T0200", "..\..\R5T.T0200\source\R5T.T0200\R5T.T0200.csproj", "{D0492C59-8508-4EF3-88F9-4496A2DCDD81}"
EndProject
Project("{9A19103F-16F7-4668-BE54-9A1E7A4F7556}") = "R5T.T0203", "..\..\R5T.T0203\source\R5T.T0203\R5T.T0203.csproj", "{724D8C5F-E9D0-4C5C-8EEA-85A2BCAF9535}"
EndProject
Project("{9A19103F-16F7-4668-BE54-9A1E7A4F7556}") = "R5T.Y0000", "..\..\R5T.Y0000\source\R5T.Y0000\R5T.Y0000.csproj", "{4FDCCCEB-32F6-419F-9F72-7F0155659607}"
EndProject
Project("{9A19103F-16F7-4668-BE54-9A1E7A4F7556}") = "R5T.Y0004", "..\..\R5T.Y0004\source\R5T.Y0004\R5T.Y0004.csproj", "{D4F80419-17AB-4842-ABC5-D7160CF91208}"
EndProject
Project("{9A19103F-16F7-4668-BE54-9A1E7A4F7556}") = "R5T.Z0000", "..\..\R5T.Z0000\source\R5T.Z0000\R5T.Z0000.csproj", "{2A431D45-DB5C-498C-957B-CFEDBCB119EE}"
EndProject
Project("{9A19103F-16F7-4668-BE54-9A1E7A4F7556}") = "R5T.Z0005", "..\..\R5T.Z0005\source\R5T.Z0005\R5T.Z0005.csproj", "{D9A70C31-0988-4B66-917C-0DE32E3AB0E9}"
EndProject
Project("{9A19103F-16F7-4668-BE54-9A1E7A4F7556}") = "R5T.Z0009", "..\..\R5T.Z0009\source\R5T.Z0009\R5T.Z0009.csproj", "{F591EBFF-307C-45F0-866F-93F6E962B54A}"
EndProject
Project("{9A19103F-16F7-4668-BE54-9A1E7A4F7556}") = "R5T.Z0013", "..\..\R5T.Z0013\source\R5T.Z0013\R5T.Z0013.csproj", "{6F7070B2-E1CC-474E-B808-3BFFF6B0CF03}"
EndProject
Project("{9A19103F-16F7-4668-BE54-9A1E7A4F7556}") = "R5T.Z0036", "..\..\R5T.Z0036\source\R5T.Z0036\R5T.Z0036.csproj", "{D4603213-E422-4D1E-850F-49FD9388D82A}"
EndProject
Project("{9A19103F-16F7-4668-BE54-9A1E7A4F7556}") = "R5T.Z0044.Z001", "..\..\R5T.Z0044\source\R5T.Z0044.Z001\R5T.Z0044.Z001.csproj", "{9D5FADC8-C898-435C-B6D3-ABB4B3A8B9D2}"
EndProject
Project("{9A19103F-16F7-4668-BE54-9A1E7A4F7556}") = "R5T.NG0022", "..\..\R5T.NG0022\source\R5T.NG0022\R5T.NG0022.csproj", "{53609522-12C1-42B6-93DD-58F8C1493BC1}"
EndProject
Project("{9A19103F-16F7-4668-BE54-9A1E7A4F7556}") = "R5T.O0023", "..\..\R5T.O0023\source\R5T.O0023\R5T.O0023.csproj", "{B3B47C31-75A8-4681-B469-8FA54D1B43FB}"
EndProject
Project("{9A19103F-16F7-4668-BE54-9A1E7A4F7556}") = "R5T.T0209", "..\..\R5T.T0209\source\R5T.T0209\R5T.T0209.csproj", "{C4B6B57A-320F-4BDA-8F9B-CA6FD5A8CE04}"
EndProject
Global
	GlobalSection(NestedProjects) = preSolution
		{869FC938-A65C-4FA7-9577-EED6DC86285D} = {D2F72CEF-3947-48A6-AED2-104CFA895DA5}
		{B512920E-EE0A-4F2E-A070-7EAB39BBEBD2} = {D2F72CEF-3947-48A6-AED2-104CFA895DA5}
		{5E83F037-4672-4AF4-BB14-D9CC152B3318} = {D2F72CEF-3947-48A6-AED2-104CFA895DA5}
		{8CA63AE5-8B3A-40FA-878F-6FCBDF09811C} = {D2F72CEF-3947-48A6-AED2-104CFA895DA5}
		{D142C4AC-482B-4B2A-BF5E-4E5DF7442F9F} = {D2F72CEF-3947-48A6-AED2-104CFA895DA5}
		{DB18DE09-4944-4F4C-8F13-C0C5A5D24AB2} = {D2F72CEF-3947-48A6-AED2-104CFA895DA5}
		{8E7DB460-2B95-49B2-A2AF-21B688F18604} = {D2F72CEF-3947-48A6-AED2-104CFA895DA5}
		{FF68D37A-ABBD-40CD-B0CB-2D6E6A49A6EB} = {D2F72CEF-3947-48A6-AED2-104CFA895DA5}
		{03CB27E6-0E42-467E-8841-FA338158364F} = {D2F72CEF-3947-48A6-AED2-104CFA895DA5}
		{5D1E9E6B-4A72-4B57-8355-05751C8894CC} = {D2F72CEF-3947-48A6-AED2-104CFA895DA5}
		{CB716FD4-A506-40E3-BB4C-5EA4F4794F41} = {D2F72CEF-3947-48A6-AED2-104CFA895DA5}
		{DE98EB84-D9F2-408D-9BCB-83F36F40B54D} = {D2F72CEF-3947-48A6-AED2-104CFA895DA5}
		{C2DFB3F7-7279-4ABA-924F-97EE51D36094} = {D2F72CEF-3947-48A6-AED2-104CFA895DA5}
		{64EC3255-D34E-46BF-A520-D0D98BF27457} = {D2F72CEF-3947-48A6-AED2-104CFA895DA5}
		{C5877AB7-1FE3-469E-ADC9-9E0C1E62A3FB} = {D2F72CEF-3947-48A6-AED2-104CFA895DA5}
		{2E127C20-4ECD-4624-B54A-17AFD58E1195} = {D2F72CEF-3947-48A6-AED2-104CFA895DA5}
		{6A640A9C-6BE4-425F-A7C3-1DF6999BDB18} = {D2F72CEF-3947-48A6-AED2-104CFA895DA5}
		{420E4817-6A40-42D7-B651-2E1C915DE9E2} = {D2F72CEF-3947-48A6-AED2-104CFA895DA5}
		{5CC52A9A-AE53-42F1-A469-C3DFC8261845} = {D2F72CEF-3947-48A6-AED2-104CFA895DA5}
		{43B79C7A-E0BD-43E4-A233-6C537B195A31} = {D2F72CEF-3947-48A6-AED2-104CFA895DA5}
		{F91CF99E-4163-40AE-A0C2-61CECEBB05B7} = {D2F72CEF-3947-48A6-AED2-104CFA895DA5}
		{6BC5F84A-3C9D-4B66-8995-2901CA09D6B7} = {D2F72CEF-3947-48A6-AED2-104CFA895DA5}
		{E0451532-86B9-4CDD-915B-DE503508ED76} = {D2F72CEF-3947-48A6-AED2-104CFA895DA5}
		{4B9143EE-901C-4CA1-BB42-DA9FCC5A4A36} = {D2F72CEF-3947-48A6-AED2-104CFA895DA5}
		{A4B2069A-FA89-4968-B48F-B7023690A1E4} = {D2F72CEF-3947-48A6-AED2-104CFA895DA5}
		{333DAFAB-AB3D-4C9E-ABE5-3248FB6C8269} = {D2F72CEF-3947-48A6-AED2-104CFA895DA5}
		{46D088ED-340C-4A58-B6CD-E287FA811579} = {D2F72CEF-3947-48A6-AED2-104CFA895DA5}
		{06C9684A-43C1-430C-B751-9BE440C3EEB8} = {D2F72CEF-3947-48A6-AED2-104CFA895DA5}
		{7B21CEEF-77B3-45E1-AEF5-6B009F97813E} = {D2F72CEF-3947-48A6-AED2-104CFA895DA5}
		{8F4E34F5-BF39-4C54-B2BD-64D02A5D3585} = {D2F72CEF-3947-48A6-AED2-104CFA895DA5}
		{A653A0AF-43BF-4484-8A2A-1614E75A1C44} = {D2F72CEF-3947-48A6-AED2-104CFA895DA5}
		{525F369F-FBC0-4197-9BE1-82DE834AC77B} = {D2F72CEF-3947-48A6-AED2-104CFA895DA5}
		{748C3E60-2B0B-4FB5-AB79-AB1D83306978} = {D2F72CEF-3947-48A6-AED2-104CFA895DA5}
		{6C45C813-4EE8-4102-973F-B1A82B1BAECA} = {D2F72CEF-3947-48A6-AED2-104CFA895DA5}
		{8B5F4FD3-FA9B-4330-B368-268430BE2148} = {D2F72CEF-3947-48A6-AED2-104CFA895DA5}
		{4A7B3134-C11D-4E63-BC51-3D3D7C59F584} = {D2F72CEF-3947-48A6-AED2-104CFA895DA5}
		{11440E72-AC1A-414F-8E9A-5F35B0D8562C} = {D2F72CEF-3947-48A6-AED2-104CFA895DA5}
		{46E05272-24CA-49E4-962B-457A8623F57E} = {D2F72CEF-3947-48A6-AED2-104CFA895DA5}
		{64D503BA-0B2C-4C36-8F94-A53CB760AC0A} = {D2F72CEF-3947-48A6-AED2-104CFA895DA5}
		{67C3D515-98CA-41A4-A297-5B93E6B74688} = {D2F72CEF-3947-48A6-AED2-104CFA895DA5}
		{2FB6454C-3DA0-4017-A207-63F7C0A7AA80} = {D2F72CEF-3947-48A6-AED2-104CFA895DA5}
		{E029DB1F-CC04-4CF2-94FB-E7BA9BE44599} = {D2F72CEF-3947-48A6-AED2-104CFA895DA5}
		{D5715730-93B3-4EC2-9803-E4E9B5590B87} = {D2F72CEF-3947-48A6-AED2-104CFA895DA5}
		{E5A49965-92ED-49CE-84BA-848681D79633} = {D2F72CEF-3947-48A6-AED2-104CFA895DA5}
		{42E11EBA-B787-4A50-B08E-97FB25CFFCBE} = {D2F72CEF-3947-48A6-AED2-104CFA895DA5}
		{4A6242E3-62F3-4909-8838-77B062BB78D9} = {D2F72CEF-3947-48A6-AED2-104CFA895DA5}
		{FE88ED9D-5576-4ED3-A8EF-D7C184406F07} = {D2F72CEF-3947-48A6-AED2-104CFA895DA5}
		{831F09A4-EA54-4559-AE7B-63C9890362AA} = {D2F72CEF-3947-48A6-AED2-104CFA895DA5}
		{DF172270-30B4-4F3A-97F7-6604BB3D8E0C} = {D2F72CEF-3947-48A6-AED2-104CFA895DA5}
		{C0DB95B2-B884-4794-9EA7-236A40BA6F9F} = {D2F72CEF-3947-48A6-AED2-104CFA895DA5}
		{942D7C5F-950A-4F6E-B97B-5B7B7F31563E} = {D2F72CEF-3947-48A6-AED2-104CFA895DA5}
		{D88C8BF9-A528-4561-A9E2-3C0E55E9F1FD} = {D2F72CEF-3947-48A6-AED2-104CFA895DA5}
		{B64CB73C-9364-4E5E-9CD8-5066A60EB504} = {D2F72CEF-3947-48A6-AED2-104CFA895DA5}
		{544EF2C5-91D3-4D34-B51A-1835BEA0AB58} = {D2F72CEF-3947-48A6-AED2-104CFA895DA5}
		{C13626F6-8882-40E7-9D06-88ED87BAD018} = {D2F72CEF-3947-48A6-AED2-104CFA895DA5}
		{49E59B89-C5AA-4ED4-A0C7-3994862FC019} = {D2F72CEF-3947-48A6-AED2-104CFA895DA5}
		{C42F2FA8-7963-4A5C-97DA-0BE0A4AA06B9} = {D2F72CEF-3947-48A6-AED2-104CFA895DA5}
		{2DE48698-645F-4714-B654-AFB7097D0078} = {D2F72CEF-3947-48A6-AED2-104CFA895DA5}
		{9F758CA9-3D48-4A5A-A347-DFF0EA0FD9E3} = {D2F72CEF-3947-48A6-AED2-104CFA895DA5}
		{B98075A1-A9C8-42C2-83D4-1EC7E6E6ACA7} = {D2F72CEF-3947-48A6-AED2-104CFA895DA5}
		{50E1E9A6-F236-428E-934B-34E0027AC857} = {D2F72CEF-3947-48A6-AED2-104CFA895DA5}
		{6BD0C797-CD0E-4764-86A2-DAE445CED264} = {D2F72CEF-3947-48A6-AED2-104CFA895DA5}
		{64DFCD1D-33D0-46C3-BFB1-3EC593E1BA98} = {D2F72CEF-3947-48A6-AED2-104CFA895DA5}
		{7533677F-3301-4369-A582-687891B37608} = {D2F72CEF-3947-48A6-AED2-104CFA895DA5}
		{AF5B49FA-4641-4F3B-B4E0-5CE955A474F4} = {D2F72CEF-3947-48A6-AED2-104CFA895DA5}
		{F7F8897E-99EB-44FE-B15F-82DF1EFF9050} = {D2F72CEF-3947-48A6-AED2-104CFA895DA5}
		{F75471BE-03AE-413C-BFD6-74F9C6FA3B50} = {D2F72CEF-3947-48A6-AED2-104CFA895DA5}
		{D10A6747-CE59-4403-838A-86BDFFC67A3C} = {D2F72CEF-3947-48A6-AED2-104CFA895DA5}
		{D0492C59-8508-4EF3-88F9-4496A2DCDD81} = {D2F72CEF-3947-48A6-AED2-104CFA895DA5}
		{724D8C5F-E9D0-4C5C-8EEA-85A2BCAF9535} = {D2F72CEF-3947-48A6-AED2-104CFA895DA5}
		{4FDCCCEB-32F6-419F-9F72-7F0155659607} = {D2F72CEF-3947-48A6-AED2-104CFA895DA5}
		{D4F80419-17AB-4842-ABC5-D7160CF91208} = {D2F72CEF-3947-48A6-AED2-104CFA895DA5}
		{2A431D45-DB5C-498C-957B-CFEDBCB119EE} = {D2F72CEF-3947-48A6-AED2-104CFA895DA5}
		{D9A70C31-0988-4B66-917C-0DE32E3AB0E9} = {D2F72CEF-3947-48A6-AED2-104CFA895DA5}
		{F591EBFF-307C-45F0-866F-93F6E962B54A} = {D2F72CEF-3947-48A6-AED2-104CFA895DA5}
		{6F7070B2-E1CC-474E-B808-3BFFF6B0CF03} = {D2F72CEF-3947-48A6-AED2-104CFA895DA5}
		{D4603213-E422-4D1E-850F-49FD9388D82A} = {D2F72CEF-3947-48A6-AED2-104CFA895DA5}
		{9D5FADC8-C898-435C-B6D3-ABB4B3A8B9D2} = {D2F72CEF-3947-48A6-AED2-104CFA895DA5}
		{53609522-12C1-42B6-93DD-58F8C1493BC1} = {D2F72CEF-3947-48A6-AED2-104CFA895DA5}
		{B3B47C31-75A8-4681-B469-8FA54D1B43FB} = {D2F72CEF-3947-48A6-AED2-104CFA895DA5}
		{C4B6B57A-320F-4BDA-8F9B-CA6FD5A8CE04} = {D2F72CEF-3947-48A6-AED2-104CFA895DA5}
	EndGlobalSection
	GlobalSection(SolutionConfigurationPlatforms) = preSolution
		Debug|Any CPU = Debug|Any CPU
		Release|Any CPU = Release|Any CPU
	EndGlobalSection
	GlobalSection(ProjectConfigurationPlatforms) = postSolution
		{8E6676F5-6345-46D8-BFBF-7BC727950FB4}.Debug|Any CPU.ActiveCfg = Debug|Any CPU
		{8E6676F5-6345-46D8-BFBF-7BC727950FB4}.Debug|Any CPU.Build.0 = Debug|Any CPU
		{8E6676F5-6345-46D8-BFBF-7BC727950FB4}.Release|Any CPU.ActiveCfg = Release|Any CPU
		{8E6676F5-6345-46D8-BFBF-7BC727950FB4}.Release|Any CPU.Build.0 = Release|Any CPU
		{ECB98F15-64E7-4BD1-B3D5-B91D41D3998C}.Debug|Any CPU.ActiveCfg = Debug|Any CPU
		{ECB98F15-64E7-4BD1-B3D5-B91D41D3998C}.Debug|Any CPU.Build.0 = Debug|Any CPU
		{ECB98F15-64E7-4BD1-B3D5-B91D41D3998C}.Release|Any CPU.ActiveCfg = Release|Any CPU
		{ECB98F15-64E7-4BD1-B3D5-B91D41D3998C}.Release|Any CPU.Build.0 = Release|Any CPU
		{869FC938-A65C-4FA7-9577-EED6DC86285D}.Debug|Any CPU.ActiveCfg = Debug|Any CPU
		{869FC938-A65C-4FA7-9577-EED6DC86285D}.Debug|Any CPU.Build.0 = Debug|Any CPU
		{869FC938-A65C-4FA7-9577-EED6DC86285D}.Release|Any CPU.ActiveCfg = Release|Any CPU
		{869FC938-A65C-4FA7-9577-EED6DC86285D}.Release|Any CPU.Build.0 = Release|Any CPU
		{B512920E-EE0A-4F2E-A070-7EAB39BBEBD2}.Debug|Any CPU.ActiveCfg = Debug|Any CPU
		{B512920E-EE0A-4F2E-A070-7EAB39BBEBD2}.Debug|Any CPU.Build.0 = Debug|Any CPU
		{B512920E-EE0A-4F2E-A070-7EAB39BBEBD2}.Release|Any CPU.ActiveCfg = Release|Any CPU
		{B512920E-EE0A-4F2E-A070-7EAB39BBEBD2}.Release|Any CPU.Build.0 = Release|Any CPU
		{5E83F037-4672-4AF4-BB14-D9CC152B3318}.Debug|Any CPU.ActiveCfg = Debug|Any CPU
		{5E83F037-4672-4AF4-BB14-D9CC152B3318}.Debug|Any CPU.Build.0 = Debug|Any CPU
		{5E83F037-4672-4AF4-BB14-D9CC152B3318}.Release|Any CPU.ActiveCfg = Release|Any CPU
		{5E83F037-4672-4AF4-BB14-D9CC152B3318}.Release|Any CPU.Build.0 = Release|Any CPU
		{8CA63AE5-8B3A-40FA-878F-6FCBDF09811C}.Debug|Any CPU.ActiveCfg = Debug|Any CPU
		{8CA63AE5-8B3A-40FA-878F-6FCBDF09811C}.Debug|Any CPU.Build.0 = Debug|Any CPU
		{8CA63AE5-8B3A-40FA-878F-6FCBDF09811C}.Release|Any CPU.ActiveCfg = Release|Any CPU
		{8CA63AE5-8B3A-40FA-878F-6FCBDF09811C}.Release|Any CPU.Build.0 = Release|Any CPU
		{D142C4AC-482B-4B2A-BF5E-4E5DF7442F9F}.Debug|Any CPU.ActiveCfg = Debug|Any CPU
		{D142C4AC-482B-4B2A-BF5E-4E5DF7442F9F}.Debug|Any CPU.Build.0 = Debug|Any CPU
		{D142C4AC-482B-4B2A-BF5E-4E5DF7442F9F}.Release|Any CPU.ActiveCfg = Release|Any CPU
		{D142C4AC-482B-4B2A-BF5E-4E5DF7442F9F}.Release|Any CPU.Build.0 = Release|Any CPU
		{DB18DE09-4944-4F4C-8F13-C0C5A5D24AB2}.Debug|Any CPU.ActiveCfg = Debug|Any CPU
		{DB18DE09-4944-4F4C-8F13-C0C5A5D24AB2}.Debug|Any CPU.Build.0 = Debug|Any CPU
		{DB18DE09-4944-4F4C-8F13-C0C5A5D24AB2}.Release|Any CPU.ActiveCfg = Release|Any CPU
		{DB18DE09-4944-4F4C-8F13-C0C5A5D24AB2}.Release|Any CPU.Build.0 = Release|Any CPU
		{8E7DB460-2B95-49B2-A2AF-21B688F18604}.Debug|Any CPU.ActiveCfg = Debug|Any CPU
		{8E7DB460-2B95-49B2-A2AF-21B688F18604}.Debug|Any CPU.Build.0 = Debug|Any CPU
		{8E7DB460-2B95-49B2-A2AF-21B688F18604}.Release|Any CPU.ActiveCfg = Release|Any CPU
		{8E7DB460-2B95-49B2-A2AF-21B688F18604}.Release|Any CPU.Build.0 = Release|Any CPU
		{FF68D37A-ABBD-40CD-B0CB-2D6E6A49A6EB}.Debug|Any CPU.ActiveCfg = Debug|Any CPU
		{FF68D37A-ABBD-40CD-B0CB-2D6E6A49A6EB}.Debug|Any CPU.Build.0 = Debug|Any CPU
		{FF68D37A-ABBD-40CD-B0CB-2D6E6A49A6EB}.Release|Any CPU.ActiveCfg = Release|Any CPU
		{FF68D37A-ABBD-40CD-B0CB-2D6E6A49A6EB}.Release|Any CPU.Build.0 = Release|Any CPU
		{03CB27E6-0E42-467E-8841-FA338158364F}.Debug|Any CPU.ActiveCfg = Debug|Any CPU
		{03CB27E6-0E42-467E-8841-FA338158364F}.Debug|Any CPU.Build.0 = Debug|Any CPU
		{03CB27E6-0E42-467E-8841-FA338158364F}.Release|Any CPU.ActiveCfg = Release|Any CPU
		{03CB27E6-0E42-467E-8841-FA338158364F}.Release|Any CPU.Build.0 = Release|Any CPU
		{5D1E9E6B-4A72-4B57-8355-05751C8894CC}.Debug|Any CPU.ActiveCfg = Debug|Any CPU
		{5D1E9E6B-4A72-4B57-8355-05751C8894CC}.Debug|Any CPU.Build.0 = Debug|Any CPU
		{5D1E9E6B-4A72-4B57-8355-05751C8894CC}.Release|Any CPU.ActiveCfg = Release|Any CPU
		{5D1E9E6B-4A72-4B57-8355-05751C8894CC}.Release|Any CPU.Build.0 = Release|Any CPU
		{CB716FD4-A506-40E3-BB4C-5EA4F4794F41}.Debug|Any CPU.ActiveCfg = Debug|Any CPU
		{CB716FD4-A506-40E3-BB4C-5EA4F4794F41}.Debug|Any CPU.Build.0 = Debug|Any CPU
		{CB716FD4-A506-40E3-BB4C-5EA4F4794F41}.Release|Any CPU.ActiveCfg = Release|Any CPU
		{CB716FD4-A506-40E3-BB4C-5EA4F4794F41}.Release|Any CPU.Build.0 = Release|Any CPU
		{DE98EB84-D9F2-408D-9BCB-83F36F40B54D}.Debug|Any CPU.ActiveCfg = Debug|Any CPU
		{DE98EB84-D9F2-408D-9BCB-83F36F40B54D}.Debug|Any CPU.Build.0 = Debug|Any CPU
		{DE98EB84-D9F2-408D-9BCB-83F36F40B54D}.Release|Any CPU.ActiveCfg = Release|Any CPU
		{DE98EB84-D9F2-408D-9BCB-83F36F40B54D}.Release|Any CPU.Build.0 = Release|Any CPU
		{C2DFB3F7-7279-4ABA-924F-97EE51D36094}.Debug|Any CPU.ActiveCfg = Debug|Any CPU
		{C2DFB3F7-7279-4ABA-924F-97EE51D36094}.Debug|Any CPU.Build.0 = Debug|Any CPU
		{C2DFB3F7-7279-4ABA-924F-97EE51D36094}.Release|Any CPU.ActiveCfg = Release|Any CPU
		{C2DFB3F7-7279-4ABA-924F-97EE51D36094}.Release|Any CPU.Build.0 = Release|Any CPU
		{64EC3255-D34E-46BF-A520-D0D98BF27457}.Debug|Any CPU.ActiveCfg = Debug|Any CPU
		{64EC3255-D34E-46BF-A520-D0D98BF27457}.Debug|Any CPU.Build.0 = Debug|Any CPU
		{64EC3255-D34E-46BF-A520-D0D98BF27457}.Release|Any CPU.ActiveCfg = Release|Any CPU
		{64EC3255-D34E-46BF-A520-D0D98BF27457}.Release|Any CPU.Build.0 = Release|Any CPU
		{C5877AB7-1FE3-469E-ADC9-9E0C1E62A3FB}.Debug|Any CPU.ActiveCfg = Debug|Any CPU
		{C5877AB7-1FE3-469E-ADC9-9E0C1E62A3FB}.Debug|Any CPU.Build.0 = Debug|Any CPU
		{C5877AB7-1FE3-469E-ADC9-9E0C1E62A3FB}.Release|Any CPU.ActiveCfg = Release|Any CPU
		{C5877AB7-1FE3-469E-ADC9-9E0C1E62A3FB}.Release|Any CPU.Build.0 = Release|Any CPU
		{2E127C20-4ECD-4624-B54A-17AFD58E1195}.Debug|Any CPU.ActiveCfg = Debug|Any CPU
		{2E127C20-4ECD-4624-B54A-17AFD58E1195}.Debug|Any CPU.Build.0 = Debug|Any CPU
		{2E127C20-4ECD-4624-B54A-17AFD58E1195}.Release|Any CPU.ActiveCfg = Release|Any CPU
		{2E127C20-4ECD-4624-B54A-17AFD58E1195}.Release|Any CPU.Build.0 = Release|Any CPU
		{6A640A9C-6BE4-425F-A7C3-1DF6999BDB18}.Debug|Any CPU.ActiveCfg = Debug|Any CPU
		{6A640A9C-6BE4-425F-A7C3-1DF6999BDB18}.Debug|Any CPU.Build.0 = Debug|Any CPU
		{6A640A9C-6BE4-425F-A7C3-1DF6999BDB18}.Release|Any CPU.ActiveCfg = Release|Any CPU
		{6A640A9C-6BE4-425F-A7C3-1DF6999BDB18}.Release|Any CPU.Build.0 = Release|Any CPU
		{420E4817-6A40-42D7-B651-2E1C915DE9E2}.Debug|Any CPU.ActiveCfg = Debug|Any CPU
		{420E4817-6A40-42D7-B651-2E1C915DE9E2}.Debug|Any CPU.Build.0 = Debug|Any CPU
		{420E4817-6A40-42D7-B651-2E1C915DE9E2}.Release|Any CPU.ActiveCfg = Release|Any CPU
		{420E4817-6A40-42D7-B651-2E1C915DE9E2}.Release|Any CPU.Build.0 = Release|Any CPU
		{5CC52A9A-AE53-42F1-A469-C3DFC8261845}.Debug|Any CPU.ActiveCfg = Debug|Any CPU
		{5CC52A9A-AE53-42F1-A469-C3DFC8261845}.Debug|Any CPU.Build.0 = Debug|Any CPU
		{5CC52A9A-AE53-42F1-A469-C3DFC8261845}.Release|Any CPU.ActiveCfg = Release|Any CPU
		{5CC52A9A-AE53-42F1-A469-C3DFC8261845}.Release|Any CPU.Build.0 = Release|Any CPU
		{43B79C7A-E0BD-43E4-A233-6C537B195A31}.Debug|Any CPU.ActiveCfg = Debug|Any CPU
		{43B79C7A-E0BD-43E4-A233-6C537B195A31}.Debug|Any CPU.Build.0 = Debug|Any CPU
		{43B79C7A-E0BD-43E4-A233-6C537B195A31}.Release|Any CPU.ActiveCfg = Release|Any CPU
		{43B79C7A-E0BD-43E4-A233-6C537B195A31}.Release|Any CPU.Build.0 = Release|Any CPU
		{F91CF99E-4163-40AE-A0C2-61CECEBB05B7}.Debug|Any CPU.ActiveCfg = Debug|Any CPU
		{F91CF99E-4163-40AE-A0C2-61CECEBB05B7}.Debug|Any CPU.Build.0 = Debug|Any CPU
		{F91CF99E-4163-40AE-A0C2-61CECEBB05B7}.Release|Any CPU.ActiveCfg = Release|Any CPU
		{F91CF99E-4163-40AE-A0C2-61CECEBB05B7}.Release|Any CPU.Build.0 = Release|Any CPU
		{6BC5F84A-3C9D-4B66-8995-2901CA09D6B7}.Debug|Any CPU.ActiveCfg = Debug|Any CPU
		{6BC5F84A-3C9D-4B66-8995-2901CA09D6B7}.Debug|Any CPU.Build.0 = Debug|Any CPU
		{6BC5F84A-3C9D-4B66-8995-2901CA09D6B7}.Release|Any CPU.ActiveCfg = Release|Any CPU
		{6BC5F84A-3C9D-4B66-8995-2901CA09D6B7}.Release|Any CPU.Build.0 = Release|Any CPU
		{E0451532-86B9-4CDD-915B-DE503508ED76}.Debug|Any CPU.ActiveCfg = Debug|Any CPU
		{E0451532-86B9-4CDD-915B-DE503508ED76}.Debug|Any CPU.Build.0 = Debug|Any CPU
		{E0451532-86B9-4CDD-915B-DE503508ED76}.Release|Any CPU.ActiveCfg = Release|Any CPU
		{E0451532-86B9-4CDD-915B-DE503508ED76}.Release|Any CPU.Build.0 = Release|Any CPU
		{4B9143EE-901C-4CA1-BB42-DA9FCC5A4A36}.Debug|Any CPU.ActiveCfg = Debug|Any CPU
		{4B9143EE-901C-4CA1-BB42-DA9FCC5A4A36}.Debug|Any CPU.Build.0 = Debug|Any CPU
		{4B9143EE-901C-4CA1-BB42-DA9FCC5A4A36}.Release|Any CPU.ActiveCfg = Release|Any CPU
		{4B9143EE-901C-4CA1-BB42-DA9FCC5A4A36}.Release|Any CPU.Build.0 = Release|Any CPU
		{A4B2069A-FA89-4968-B48F-B7023690A1E4}.Debug|Any CPU.ActiveCfg = Debug|Any CPU
		{A4B2069A-FA89-4968-B48F-B7023690A1E4}.Debug|Any CPU.Build.0 = Debug|Any CPU
		{A4B2069A-FA89-4968-B48F-B7023690A1E4}.Release|Any CPU.ActiveCfg = Release|Any CPU
		{A4B2069A-FA89-4968-B48F-B7023690A1E4}.Release|Any CPU.Build.0 = Release|Any CPU
		{333DAFAB-AB3D-4C9E-ABE5-3248FB6C8269}.Debug|Any CPU.ActiveCfg = Debug|Any CPU
		{333DAFAB-AB3D-4C9E-ABE5-3248FB6C8269}.Debug|Any CPU.Build.0 = Debug|Any CPU
		{333DAFAB-AB3D-4C9E-ABE5-3248FB6C8269}.Release|Any CPU.ActiveCfg = Release|Any CPU
		{333DAFAB-AB3D-4C9E-ABE5-3248FB6C8269}.Release|Any CPU.Build.0 = Release|Any CPU
		{46D088ED-340C-4A58-B6CD-E287FA811579}.Debug|Any CPU.ActiveCfg = Debug|Any CPU
		{46D088ED-340C-4A58-B6CD-E287FA811579}.Debug|Any CPU.Build.0 = Debug|Any CPU
		{46D088ED-340C-4A58-B6CD-E287FA811579}.Release|Any CPU.ActiveCfg = Release|Any CPU
		{46D088ED-340C-4A58-B6CD-E287FA811579}.Release|Any CPU.Build.0 = Release|Any CPU
		{06C9684A-43C1-430C-B751-9BE440C3EEB8}.Debug|Any CPU.ActiveCfg = Debug|Any CPU
		{06C9684A-43C1-430C-B751-9BE440C3EEB8}.Debug|Any CPU.Build.0 = Debug|Any CPU
		{06C9684A-43C1-430C-B751-9BE440C3EEB8}.Release|Any CPU.ActiveCfg = Release|Any CPU
		{06C9684A-43C1-430C-B751-9BE440C3EEB8}.Release|Any CPU.Build.0 = Release|Any CPU
		{7B21CEEF-77B3-45E1-AEF5-6B009F97813E}.Debug|Any CPU.ActiveCfg = Debug|Any CPU
		{7B21CEEF-77B3-45E1-AEF5-6B009F97813E}.Debug|Any CPU.Build.0 = Debug|Any CPU
		{7B21CEEF-77B3-45E1-AEF5-6B009F97813E}.Release|Any CPU.ActiveCfg = Release|Any CPU
		{7B21CEEF-77B3-45E1-AEF5-6B009F97813E}.Release|Any CPU.Build.0 = Release|Any CPU
		{8F4E34F5-BF39-4C54-B2BD-64D02A5D3585}.Debug|Any CPU.ActiveCfg = Debug|Any CPU
		{8F4E34F5-BF39-4C54-B2BD-64D02A5D3585}.Debug|Any CPU.Build.0 = Debug|Any CPU
		{8F4E34F5-BF39-4C54-B2BD-64D02A5D3585}.Release|Any CPU.ActiveCfg = Release|Any CPU
		{8F4E34F5-BF39-4C54-B2BD-64D02A5D3585}.Release|Any CPU.Build.0 = Release|Any CPU
		{A653A0AF-43BF-4484-8A2A-1614E75A1C44}.Debug|Any CPU.ActiveCfg = Debug|Any CPU
		{A653A0AF-43BF-4484-8A2A-1614E75A1C44}.Debug|Any CPU.Build.0 = Debug|Any CPU
		{A653A0AF-43BF-4484-8A2A-1614E75A1C44}.Release|Any CPU.ActiveCfg = Release|Any CPU
		{A653A0AF-43BF-4484-8A2A-1614E75A1C44}.Release|Any CPU.Build.0 = Release|Any CPU
		{525F369F-FBC0-4197-9BE1-82DE834AC77B}.Debug|Any CPU.ActiveCfg = Debug|Any CPU
		{525F369F-FBC0-4197-9BE1-82DE834AC77B}.Debug|Any CPU.Build.0 = Debug|Any CPU
		{525F369F-FBC0-4197-9BE1-82DE834AC77B}.Release|Any CPU.ActiveCfg = Release|Any CPU
		{525F369F-FBC0-4197-9BE1-82DE834AC77B}.Release|Any CPU.Build.0 = Release|Any CPU
		{748C3E60-2B0B-4FB5-AB79-AB1D83306978}.Debug|Any CPU.ActiveCfg = Debug|Any CPU
		{748C3E60-2B0B-4FB5-AB79-AB1D83306978}.Debug|Any CPU.Build.0 = Debug|Any CPU
		{748C3E60-2B0B-4FB5-AB79-AB1D83306978}.Release|Any CPU.ActiveCfg = Release|Any CPU
		{748C3E60-2B0B-4FB5-AB79-AB1D83306978}.Release|Any CPU.Build.0 = Release|Any CPU
		{6C45C813-4EE8-4102-973F-B1A82B1BAECA}.Debug|Any CPU.ActiveCfg = Debug|Any CPU
		{6C45C813-4EE8-4102-973F-B1A82B1BAECA}.Debug|Any CPU.Build.0 = Debug|Any CPU
		{6C45C813-4EE8-4102-973F-B1A82B1BAECA}.Release|Any CPU.ActiveCfg = Release|Any CPU
		{6C45C813-4EE8-4102-973F-B1A82B1BAECA}.Release|Any CPU.Build.0 = Release|Any CPU
		{8B5F4FD3-FA9B-4330-B368-268430BE2148}.Debug|Any CPU.ActiveCfg = Debug|Any CPU
		{8B5F4FD3-FA9B-4330-B368-268430BE2148}.Debug|Any CPU.Build.0 = Debug|Any CPU
		{8B5F4FD3-FA9B-4330-B368-268430BE2148}.Release|Any CPU.ActiveCfg = Release|Any CPU
		{8B5F4FD3-FA9B-4330-B368-268430BE2148}.Release|Any CPU.Build.0 = Release|Any CPU
		{4A7B3134-C11D-4E63-BC51-3D3D7C59F584}.Debug|Any CPU.ActiveCfg = Debug|Any CPU
		{4A7B3134-C11D-4E63-BC51-3D3D7C59F584}.Debug|Any CPU.Build.0 = Debug|Any CPU
		{4A7B3134-C11D-4E63-BC51-3D3D7C59F584}.Release|Any CPU.ActiveCfg = Release|Any CPU
		{4A7B3134-C11D-4E63-BC51-3D3D7C59F584}.Release|Any CPU.Build.0 = Release|Any CPU
		{11440E72-AC1A-414F-8E9A-5F35B0D8562C}.Debug|Any CPU.ActiveCfg = Debug|Any CPU
		{11440E72-AC1A-414F-8E9A-5F35B0D8562C}.Debug|Any CPU.Build.0 = Debug|Any CPU
		{11440E72-AC1A-414F-8E9A-5F35B0D8562C}.Release|Any CPU.ActiveCfg = Release|Any CPU
		{11440E72-AC1A-414F-8E9A-5F35B0D8562C}.Release|Any CPU.Build.0 = Release|Any CPU
		{46E05272-24CA-49E4-962B-457A8623F57E}.Debug|Any CPU.ActiveCfg = Debug|Any CPU
		{46E05272-24CA-49E4-962B-457A8623F57E}.Debug|Any CPU.Build.0 = Debug|Any CPU
		{46E05272-24CA-49E4-962B-457A8623F57E}.Release|Any CPU.ActiveCfg = Release|Any CPU
		{46E05272-24CA-49E4-962B-457A8623F57E}.Release|Any CPU.Build.0 = Release|Any CPU
		{64D503BA-0B2C-4C36-8F94-A53CB760AC0A}.Debug|Any CPU.ActiveCfg = Debug|Any CPU
		{64D503BA-0B2C-4C36-8F94-A53CB760AC0A}.Debug|Any CPU.Build.0 = Debug|Any CPU
		{64D503BA-0B2C-4C36-8F94-A53CB760AC0A}.Release|Any CPU.ActiveCfg = Release|Any CPU
		{64D503BA-0B2C-4C36-8F94-A53CB760AC0A}.Release|Any CPU.Build.0 = Release|Any CPU
		{67C3D515-98CA-41A4-A297-5B93E6B74688}.Debug|Any CPU.ActiveCfg = Debug|Any CPU
		{67C3D515-98CA-41A4-A297-5B93E6B74688}.Debug|Any CPU.Build.0 = Debug|Any CPU
		{67C3D515-98CA-41A4-A297-5B93E6B74688}.Release|Any CPU.ActiveCfg = Release|Any CPU
		{67C3D515-98CA-41A4-A297-5B93E6B74688}.Release|Any CPU.Build.0 = Release|Any CPU
		{2FB6454C-3DA0-4017-A207-63F7C0A7AA80}.Debug|Any CPU.ActiveCfg = Debug|Any CPU
		{2FB6454C-3DA0-4017-A207-63F7C0A7AA80}.Debug|Any CPU.Build.0 = Debug|Any CPU
		{2FB6454C-3DA0-4017-A207-63F7C0A7AA80}.Release|Any CPU.ActiveCfg = Release|Any CPU
		{2FB6454C-3DA0-4017-A207-63F7C0A7AA80}.Release|Any CPU.Build.0 = Release|Any CPU
		{E029DB1F-CC04-4CF2-94FB-E7BA9BE44599}.Debug|Any CPU.ActiveCfg = Debug|Any CPU
		{E029DB1F-CC04-4CF2-94FB-E7BA9BE44599}.Debug|Any CPU.Build.0 = Debug|Any CPU
		{E029DB1F-CC04-4CF2-94FB-E7BA9BE44599}.Release|Any CPU.ActiveCfg = Release|Any CPU
		{E029DB1F-CC04-4CF2-94FB-E7BA9BE44599}.Release|Any CPU.Build.0 = Release|Any CPU
		{D5715730-93B3-4EC2-9803-E4E9B5590B87}.Debug|Any CPU.ActiveCfg = Debug|Any CPU
		{D5715730-93B3-4EC2-9803-E4E9B5590B87}.Debug|Any CPU.Build.0 = Debug|Any CPU
		{D5715730-93B3-4EC2-9803-E4E9B5590B87}.Release|Any CPU.ActiveCfg = Release|Any CPU
		{D5715730-93B3-4EC2-9803-E4E9B5590B87}.Release|Any CPU.Build.0 = Release|Any CPU
		{E5A49965-92ED-49CE-84BA-848681D79633}.Debug|Any CPU.ActiveCfg = Debug|Any CPU
		{E5A49965-92ED-49CE-84BA-848681D79633}.Debug|Any CPU.Build.0 = Debug|Any CPU
		{E5A49965-92ED-49CE-84BA-848681D79633}.Release|Any CPU.ActiveCfg = Release|Any CPU
		{E5A49965-92ED-49CE-84BA-848681D79633}.Release|Any CPU.Build.0 = Release|Any CPU
		{42E11EBA-B787-4A50-B08E-97FB25CFFCBE}.Debug|Any CPU.ActiveCfg = Debug|Any CPU
		{42E11EBA-B787-4A50-B08E-97FB25CFFCBE}.Debug|Any CPU.Build.0 = Debug|Any CPU
		{42E11EBA-B787-4A50-B08E-97FB25CFFCBE}.Release|Any CPU.ActiveCfg = Release|Any CPU
		{42E11EBA-B787-4A50-B08E-97FB25CFFCBE}.Release|Any CPU.Build.0 = Release|Any CPU
		{4A6242E3-62F3-4909-8838-77B062BB78D9}.Debug|Any CPU.ActiveCfg = Debug|Any CPU
		{4A6242E3-62F3-4909-8838-77B062BB78D9}.Debug|Any CPU.Build.0 = Debug|Any CPU
		{4A6242E3-62F3-4909-8838-77B062BB78D9}.Release|Any CPU.ActiveCfg = Release|Any CPU
		{4A6242E3-62F3-4909-8838-77B062BB78D9}.Release|Any CPU.Build.0 = Release|Any CPU
		{FE88ED9D-5576-4ED3-A8EF-D7C184406F07}.Debug|Any CPU.ActiveCfg = Debug|Any CPU
		{FE88ED9D-5576-4ED3-A8EF-D7C184406F07}.Debug|Any CPU.Build.0 = Debug|Any CPU
		{FE88ED9D-5576-4ED3-A8EF-D7C184406F07}.Release|Any CPU.ActiveCfg = Release|Any CPU
		{FE88ED9D-5576-4ED3-A8EF-D7C184406F07}.Release|Any CPU.Build.0 = Release|Any CPU
		{831F09A4-EA54-4559-AE7B-63C9890362AA}.Debug|Any CPU.ActiveCfg = Debug|Any CPU
		{831F09A4-EA54-4559-AE7B-63C9890362AA}.Debug|Any CPU.Build.0 = Debug|Any CPU
		{831F09A4-EA54-4559-AE7B-63C9890362AA}.Release|Any CPU.ActiveCfg = Release|Any CPU
		{831F09A4-EA54-4559-AE7B-63C9890362AA}.Release|Any CPU.Build.0 = Release|Any CPU
		{DF172270-30B4-4F3A-97F7-6604BB3D8E0C}.Debug|Any CPU.ActiveCfg = Debug|Any CPU
		{DF172270-30B4-4F3A-97F7-6604BB3D8E0C}.Debug|Any CPU.Build.0 = Debug|Any CPU
		{DF172270-30B4-4F3A-97F7-6604BB3D8E0C}.Release|Any CPU.ActiveCfg = Release|Any CPU
		{DF172270-30B4-4F3A-97F7-6604BB3D8E0C}.Release|Any CPU.Build.0 = Release|Any CPU
		{C0DB95B2-B884-4794-9EA7-236A40BA6F9F}.Debug|Any CPU.ActiveCfg = Debug|Any CPU
		{C0DB95B2-B884-4794-9EA7-236A40BA6F9F}.Debug|Any CPU.Build.0 = Debug|Any CPU
		{C0DB95B2-B884-4794-9EA7-236A40BA6F9F}.Release|Any CPU.ActiveCfg = Release|Any CPU
		{C0DB95B2-B884-4794-9EA7-236A40BA6F9F}.Release|Any CPU.Build.0 = Release|Any CPU
		{942D7C5F-950A-4F6E-B97B-5B7B7F31563E}.Debug|Any CPU.ActiveCfg = Debug|Any CPU
		{942D7C5F-950A-4F6E-B97B-5B7B7F31563E}.Debug|Any CPU.Build.0 = Debug|Any CPU
		{942D7C5F-950A-4F6E-B97B-5B7B7F31563E}.Release|Any CPU.ActiveCfg = Release|Any CPU
		{942D7C5F-950A-4F6E-B97B-5B7B7F31563E}.Release|Any CPU.Build.0 = Release|Any CPU
		{D88C8BF9-A528-4561-A9E2-3C0E55E9F1FD}.Debug|Any CPU.ActiveCfg = Debug|Any CPU
		{D88C8BF9-A528-4561-A9E2-3C0E55E9F1FD}.Debug|Any CPU.Build.0 = Debug|Any CPU
		{D88C8BF9-A528-4561-A9E2-3C0E55E9F1FD}.Release|Any CPU.ActiveCfg = Release|Any CPU
		{D88C8BF9-A528-4561-A9E2-3C0E55E9F1FD}.Release|Any CPU.Build.0 = Release|Any CPU
		{B64CB73C-9364-4E5E-9CD8-5066A60EB504}.Debug|Any CPU.ActiveCfg = Debug|Any CPU
		{B64CB73C-9364-4E5E-9CD8-5066A60EB504}.Debug|Any CPU.Build.0 = Debug|Any CPU
		{B64CB73C-9364-4E5E-9CD8-5066A60EB504}.Release|Any CPU.ActiveCfg = Release|Any CPU
		{B64CB73C-9364-4E5E-9CD8-5066A60EB504}.Release|Any CPU.Build.0 = Release|Any CPU
		{544EF2C5-91D3-4D34-B51A-1835BEA0AB58}.Debug|Any CPU.ActiveCfg = Debug|Any CPU
		{544EF2C5-91D3-4D34-B51A-1835BEA0AB58}.Debug|Any CPU.Build.0 = Debug|Any CPU
		{544EF2C5-91D3-4D34-B51A-1835BEA0AB58}.Release|Any CPU.ActiveCfg = Release|Any CPU
		{544EF2C5-91D3-4D34-B51A-1835BEA0AB58}.Release|Any CPU.Build.0 = Release|Any CPU
		{C13626F6-8882-40E7-9D06-88ED87BAD018}.Debug|Any CPU.ActiveCfg = Debug|Any CPU
		{C13626F6-8882-40E7-9D06-88ED87BAD018}.Debug|Any CPU.Build.0 = Debug|Any CPU
		{C13626F6-8882-40E7-9D06-88ED87BAD018}.Release|Any CPU.ActiveCfg = Release|Any CPU
		{C13626F6-8882-40E7-9D06-88ED87BAD018}.Release|Any CPU.Build.0 = Release|Any CPU
		{49E59B89-C5AA-4ED4-A0C7-3994862FC019}.Debug|Any CPU.ActiveCfg = Debug|Any CPU
		{49E59B89-C5AA-4ED4-A0C7-3994862FC019}.Debug|Any CPU.Build.0 = Debug|Any CPU
		{49E59B89-C5AA-4ED4-A0C7-3994862FC019}.Release|Any CPU.ActiveCfg = Release|Any CPU
		{49E59B89-C5AA-4ED4-A0C7-3994862FC019}.Release|Any CPU.Build.0 = Release|Any CPU
		{C42F2FA8-7963-4A5C-97DA-0BE0A4AA06B9}.Debug|Any CPU.ActiveCfg = Debug|Any CPU
		{C42F2FA8-7963-4A5C-97DA-0BE0A4AA06B9}.Debug|Any CPU.Build.0 = Debug|Any CPU
		{C42F2FA8-7963-4A5C-97DA-0BE0A4AA06B9}.Release|Any CPU.ActiveCfg = Release|Any CPU
		{C42F2FA8-7963-4A5C-97DA-0BE0A4AA06B9}.Release|Any CPU.Build.0 = Release|Any CPU
		{2DE48698-645F-4714-B654-AFB7097D0078}.Debug|Any CPU.ActiveCfg = Debug|Any CPU
		{2DE48698-645F-4714-B654-AFB7097D0078}.Debug|Any CPU.Build.0 = Debug|Any CPU
		{2DE48698-645F-4714-B654-AFB7097D0078}.Release|Any CPU.ActiveCfg = Release|Any CPU
		{2DE48698-645F-4714-B654-AFB7097D0078}.Release|Any CPU.Build.0 = Release|Any CPU
		{9F758CA9-3D48-4A5A-A347-DFF0EA0FD9E3}.Debug|Any CPU.ActiveCfg = Debug|Any CPU
		{9F758CA9-3D48-4A5A-A347-DFF0EA0FD9E3}.Debug|Any CPU.Build.0 = Debug|Any CPU
		{9F758CA9-3D48-4A5A-A347-DFF0EA0FD9E3}.Release|Any CPU.ActiveCfg = Release|Any CPU
		{9F758CA9-3D48-4A5A-A347-DFF0EA0FD9E3}.Release|Any CPU.Build.0 = Release|Any CPU
		{B98075A1-A9C8-42C2-83D4-1EC7E6E6ACA7}.Debug|Any CPU.ActiveCfg = Debug|Any CPU
		{B98075A1-A9C8-42C2-83D4-1EC7E6E6ACA7}.Debug|Any CPU.Build.0 = Debug|Any CPU
		{B98075A1-A9C8-42C2-83D4-1EC7E6E6ACA7}.Release|Any CPU.ActiveCfg = Release|Any CPU
		{B98075A1-A9C8-42C2-83D4-1EC7E6E6ACA7}.Release|Any CPU.Build.0 = Release|Any CPU
		{50E1E9A6-F236-428E-934B-34E0027AC857}.Debug|Any CPU.ActiveCfg = Debug|Any CPU
		{50E1E9A6-F236-428E-934B-34E0027AC857}.Debug|Any CPU.Build.0 = Debug|Any CPU
		{50E1E9A6-F236-428E-934B-34E0027AC857}.Release|Any CPU.ActiveCfg = Release|Any CPU
		{50E1E9A6-F236-428E-934B-34E0027AC857}.Release|Any CPU.Build.0 = Release|Any CPU
		{6BD0C797-CD0E-4764-86A2-DAE445CED264}.Debug|Any CPU.ActiveCfg = Debug|Any CPU
		{6BD0C797-CD0E-4764-86A2-DAE445CED264}.Debug|Any CPU.Build.0 = Debug|Any CPU
		{6BD0C797-CD0E-4764-86A2-DAE445CED264}.Release|Any CPU.ActiveCfg = Release|Any CPU
		{6BD0C797-CD0E-4764-86A2-DAE445CED264}.Release|Any CPU.Build.0 = Release|Any CPU
		{64DFCD1D-33D0-46C3-BFB1-3EC593E1BA98}.Debug|Any CPU.ActiveCfg = Debug|Any CPU
		{64DFCD1D-33D0-46C3-BFB1-3EC593E1BA98}.Debug|Any CPU.Build.0 = Debug|Any CPU
		{64DFCD1D-33D0-46C3-BFB1-3EC593E1BA98}.Release|Any CPU.ActiveCfg = Release|Any CPU
		{64DFCD1D-33D0-46C3-BFB1-3EC593E1BA98}.Release|Any CPU.Build.0 = Release|Any CPU
		{7533677F-3301-4369-A582-687891B37608}.Debug|Any CPU.ActiveCfg = Debug|Any CPU
		{7533677F-3301-4369-A582-687891B37608}.Debug|Any CPU.Build.0 = Debug|Any CPU
		{7533677F-3301-4369-A582-687891B37608}.Release|Any CPU.ActiveCfg = Release|Any CPU
		{7533677F-3301-4369-A582-687891B37608}.Release|Any CPU.Build.0 = Release|Any CPU
		{AF5B49FA-4641-4F3B-B4E0-5CE955A474F4}.Debug|Any CPU.ActiveCfg = Debug|Any CPU
		{AF5B49FA-4641-4F3B-B4E0-5CE955A474F4}.Debug|Any CPU.Build.0 = Debug|Any CPU
		{AF5B49FA-4641-4F3B-B4E0-5CE955A474F4}.Release|Any CPU.ActiveCfg = Release|Any CPU
		{AF5B49FA-4641-4F3B-B4E0-5CE955A474F4}.Release|Any CPU.Build.0 = Release|Any CPU
		{F7F8897E-99EB-44FE-B15F-82DF1EFF9050}.Debug|Any CPU.ActiveCfg = Debug|Any CPU
		{F7F8897E-99EB-44FE-B15F-82DF1EFF9050}.Debug|Any CPU.Build.0 = Debug|Any CPU
		{F7F8897E-99EB-44FE-B15F-82DF1EFF9050}.Release|Any CPU.ActiveCfg = Release|Any CPU
		{F7F8897E-99EB-44FE-B15F-82DF1EFF9050}.Release|Any CPU.Build.0 = Release|Any CPU
		{F75471BE-03AE-413C-BFD6-74F9C6FA3B50}.Debug|Any CPU.ActiveCfg = Debug|Any CPU
		{F75471BE-03AE-413C-BFD6-74F9C6FA3B50}.Debug|Any CPU.Build.0 = Debug|Any CPU
		{F75471BE-03AE-413C-BFD6-74F9C6FA3B50}.Release|Any CPU.ActiveCfg = Release|Any CPU
		{F75471BE-03AE-413C-BFD6-74F9C6FA3B50}.Release|Any CPU.Build.0 = Release|Any CPU
		{D10A6747-CE59-4403-838A-86BDFFC67A3C}.Debug|Any CPU.ActiveCfg = Debug|Any CPU
		{D10A6747-CE59-4403-838A-86BDFFC67A3C}.Debug|Any CPU.Build.0 = Debug|Any CPU
		{D10A6747-CE59-4403-838A-86BDFFC67A3C}.Release|Any CPU.ActiveCfg = Release|Any CPU
		{D10A6747-CE59-4403-838A-86BDFFC67A3C}.Release|Any CPU.Build.0 = Release|Any CPU
		{D0492C59-8508-4EF3-88F9-4496A2DCDD81}.Debug|Any CPU.ActiveCfg = Debug|Any CPU
		{D0492C59-8508-4EF3-88F9-4496A2DCDD81}.Debug|Any CPU.Build.0 = Debug|Any CPU
		{D0492C59-8508-4EF3-88F9-4496A2DCDD81}.Release|Any CPU.ActiveCfg = Release|Any CPU
		{D0492C59-8508-4EF3-88F9-4496A2DCDD81}.Release|Any CPU.Build.0 = Release|Any CPU
		{724D8C5F-E9D0-4C5C-8EEA-85A2BCAF9535}.Debug|Any CPU.ActiveCfg = Debug|Any CPU
		{724D8C5F-E9D0-4C5C-8EEA-85A2BCAF9535}.Debug|Any CPU.Build.0 = Debug|Any CPU
		{724D8C5F-E9D0-4C5C-8EEA-85A2BCAF9535}.Release|Any CPU.ActiveCfg = Release|Any CPU
		{724D8C5F-E9D0-4C5C-8EEA-85A2BCAF9535}.Release|Any CPU.Build.0 = Release|Any CPU
		{4FDCCCEB-32F6-419F-9F72-7F0155659607}.Debug|Any CPU.ActiveCfg = Debug|Any CPU
		{4FDCCCEB-32F6-419F-9F72-7F0155659607}.Debug|Any CPU.Build.0 = Debug|Any CPU
		{4FDCCCEB-32F6-419F-9F72-7F0155659607}.Release|Any CPU.ActiveCfg = Release|Any CPU
		{4FDCCCEB-32F6-419F-9F72-7F0155659607}.Release|Any CPU.Build.0 = Release|Any CPU
		{D4F80419-17AB-4842-ABC5-D7160CF91208}.Debug|Any CPU.ActiveCfg = Debug|Any CPU
		{D4F80419-17AB-4842-ABC5-D7160CF91208}.Debug|Any CPU.Build.0 = Debug|Any CPU
		{D4F80419-17AB-4842-ABC5-D7160CF91208}.Release|Any CPU.ActiveCfg = Release|Any CPU
		{D4F80419-17AB-4842-ABC5-D7160CF91208}.Release|Any CPU.Build.0 = Release|Any CPU
		{2A431D45-DB5C-498C-957B-CFEDBCB119EE}.Debug|Any CPU.ActiveCfg = Debug|Any CPU
		{2A431D45-DB5C-498C-957B-CFEDBCB119EE}.Debug|Any CPU.Build.0 = Debug|Any CPU
		{2A431D45-DB5C-498C-957B-CFEDBCB119EE}.Release|Any CPU.ActiveCfg = Release|Any CPU
		{2A431D45-DB5C-498C-957B-CFEDBCB119EE}.Release|Any CPU.Build.0 = Release|Any CPU
		{D9A70C31-0988-4B66-917C-0DE32E3AB0E9}.Debug|Any CPU.ActiveCfg = Debug|Any CPU
		{D9A70C31-0988-4B66-917C-0DE32E3AB0E9}.Debug|Any CPU.Build.0 = Debug|Any CPU
		{D9A70C31-0988-4B66-917C-0DE32E3AB0E9}.Release|Any CPU.ActiveCfg = Release|Any CPU
		{D9A70C31-0988-4B66-917C-0DE32E3AB0E9}.Release|Any CPU.Build.0 = Release|Any CPU
		{F591EBFF-307C-45F0-866F-93F6E962B54A}.Debug|Any CPU.ActiveCfg = Debug|Any CPU
		{F591EBFF-307C-45F0-866F-93F6E962B54A}.Debug|Any CPU.Build.0 = Debug|Any CPU
		{F591EBFF-307C-45F0-866F-93F6E962B54A}.Release|Any CPU.ActiveCfg = Release|Any CPU
		{F591EBFF-307C-45F0-866F-93F6E962B54A}.Release|Any CPU.Build.0 = Release|Any CPU
		{6F7070B2-E1CC-474E-B808-3BFFF6B0CF03}.Debug|Any CPU.ActiveCfg = Debug|Any CPU
		{6F7070B2-E1CC-474E-B808-3BFFF6B0CF03}.Debug|Any CPU.Build.0 = Debug|Any CPU
		{6F7070B2-E1CC-474E-B808-3BFFF6B0CF03}.Release|Any CPU.ActiveCfg = Release|Any CPU
		{6F7070B2-E1CC-474E-B808-3BFFF6B0CF03}.Release|Any CPU.Build.0 = Release|Any CPU
		{D4603213-E422-4D1E-850F-49FD9388D82A}.Debug|Any CPU.ActiveCfg = Debug|Any CPU
		{D4603213-E422-4D1E-850F-49FD9388D82A}.Debug|Any CPU.Build.0 = Debug|Any CPU
		{D4603213-E422-4D1E-850F-49FD9388D82A}.Release|Any CPU.ActiveCfg = Release|Any CPU
		{D4603213-E422-4D1E-850F-49FD9388D82A}.Release|Any CPU.Build.0 = Release|Any CPU
		{9D5FADC8-C898-435C-B6D3-ABB4B3A8B9D2}.Debug|Any CPU.ActiveCfg = Debug|Any CPU
		{9D5FADC8-C898-435C-B6D3-ABB4B3A8B9D2}.Debug|Any CPU.Build.0 = Debug|Any CPU
		{9D5FADC8-C898-435C-B6D3-ABB4B3A8B9D2}.Release|Any CPU.ActiveCfg = Release|Any CPU
		{9D5FADC8-C898-435C-B6D3-ABB4B3A8B9D2}.Release|Any CPU.Build.0 = Release|Any CPU
		{53609522-12C1-42B6-93DD-58F8C1493BC1}.Debug|Any CPU.ActiveCfg = Debug|Any CPU
		{53609522-12C1-42B6-93DD-58F8C1493BC1}.Debug|Any CPU.Build.0 = Debug|Any CPU
		{53609522-12C1-42B6-93DD-58F8C1493BC1}.Release|Any CPU.ActiveCfg = Release|Any CPU
		{53609522-12C1-42B6-93DD-58F8C1493BC1}.Release|Any CPU.Build.0 = Release|Any CPU
		{B3B47C31-75A8-4681-B469-8FA54D1B43FB}.Debug|Any CPU.ActiveCfg = Debug|Any CPU
		{B3B47C31-75A8-4681-B469-8FA54D1B43FB}.Debug|Any CPU.Build.0 = Debug|Any CPU
		{B3B47C31-75A8-4681-B469-8FA54D1B43FB}.Release|Any CPU.ActiveCfg = Release|Any CPU
		{B3B47C31-75A8-4681-B469-8FA54D1B43FB}.Release|Any CPU.Build.0 = Release|Any CPU
		{C4B6B57A-320F-4BDA-8F9B-CA6FD5A8CE04}.Debug|Any CPU.ActiveCfg = Debug|Any CPU
		{C4B6B57A-320F-4BDA-8F9B-CA6FD5A8CE04}.Debug|Any CPU.Build.0 = Debug|Any CPU
		{C4B6B57A-320F-4BDA-8F9B-CA6FD5A8CE04}.Release|Any CPU.ActiveCfg = Release|Any CPU
		{C4B6B57A-320F-4BDA-8F9B-CA6FD5A8CE04}.Release|Any CPU.Build.0 = Release|Any CPU
	EndGlobalSection
	GlobalSection(SolutionProperties) = preSolution
		HideSolutionNode = FALSE
	EndGlobalSection
	GlobalSection(ExtensibilityGlobals) = postSolution
		SolutionGuid = {51557A97-DD83-48AD-986C-34E71C865E77}
	EndGlobalSection
EndGlobal
